// !$*UTF8*$!
{
	archiveVersion = 1;
	classes = {
	};
	objectVersion = 46;
	objects = {

/* Begin PBXBuildFile section */
		6A06EDD91BFBD84D00231806 /* DataSource.swift in Sources */ = {isa = PBXBuildFile; fileRef = 6A06EDD81BFBD84D00231806 /* DataSource.swift */; };
		6A06EDEA1BFCD9AA00231806 /* CollectionViewDataSource.swift in Sources */ = {isa = PBXBuildFile; fileRef = 6A06EDE91BFCD9AA00231806 /* CollectionViewDataSource.swift */; };
		6A06EDEC1BFCE49A00231806 /* TableViewDataSource.swift in Sources */ = {isa = PBXBuildFile; fileRef = 6A06EDEB1BFCE49A00231806 /* TableViewDataSource.swift */; };
		6A09EEF51BFB80E6005C2B81 /* Fisticuffs.framework in Frameworks */ = {isa = PBXBuildFile; fileRef = 6A09EEEA1BFB80E6005C2B81 /* Fisticuffs.framework */; };
		6A09EF241BFB816D005C2B81 /* BidirectionalBinding.swift in Sources */ = {isa = PBXBuildFile; fileRef = 6A09EF051BFB816D005C2B81 /* BidirectionalBinding.swift */; };
		6A09EF251BFB816D005C2B81 /* Binding.swift in Sources */ = {isa = PBXBuildFile; fileRef = 6A09EF061BFB816D005C2B81 /* Binding.swift */; };
		6A09EF261BFB816D005C2B81 /* Computed.swift in Sources */ = {isa = PBXBuildFile; fileRef = 6A09EF071BFB816D005C2B81 /* Computed.swift */; };
		6A09EF271BFB816D005C2B81 /* DependencyTracker.swift in Sources */ = {isa = PBXBuildFile; fileRef = 6A09EF081BFB816D005C2B81 /* DependencyTracker.swift */; };
		6A09EF281BFB816D005C2B81 /* Disposable.swift in Sources */ = {isa = PBXBuildFile; fileRef = 6A09EF091BFB816D005C2B81 /* Disposable.swift */; };
		6A09EF291BFB816D005C2B81 /* DisposableBag.swift in Sources */ = {isa = PBXBuildFile; fileRef = 6A09EF0A1BFB816D005C2B81 /* DisposableBag.swift */; };
		6A09EF2A1BFB816D005C2B81 /* DisposableBlock.swift in Sources */ = {isa = PBXBuildFile; fileRef = 6A09EF0B1BFB816D005C2B81 /* DisposableBlock.swift */; };
		6A09EF2B1BFB816D005C2B81 /* Event.swift in Sources */ = {isa = PBXBuildFile; fileRef = 6A09EF0C1BFB816D005C2B81 /* Event.swift */; };
		6A09EF2D1BFB816D005C2B81 /* Observable.swift in Sources */ = {isa = PBXBuildFile; fileRef = 6A09EF0E1BFB816D005C2B81 /* Observable.swift */; };
		6A09EF2E1BFB816D005C2B81 /* Operators.swift in Sources */ = {isa = PBXBuildFile; fileRef = 6A09EF0F1BFB816D005C2B81 /* Operators.swift */; };
		6A09EF2F1BFB816D005C2B81 /* SubscribableType+Array.swift in Sources */ = {isa = PBXBuildFile; fileRef = 6A09EF101BFB816D005C2B81 /* SubscribableType+Array.swift */; };
		6A09EF301BFB816D005C2B81 /* SubscribableType.swift in Sources */ = {isa = PBXBuildFile; fileRef = 6A09EF111BFB816D005C2B81 /* SubscribableType.swift */; };
		6A09EF311BFB816D005C2B81 /* SubscriptionCollection.swift in Sources */ = {isa = PBXBuildFile; fileRef = 6A09EF121BFB816D005C2B81 /* SubscriptionCollection.swift */; };
		6A09EF321BFB816D005C2B81 /* SubscriptionOptions.swift in Sources */ = {isa = PBXBuildFile; fileRef = 6A09EF131BFB816D005C2B81 /* SubscriptionOptions.swift */; };
		6A09EF331BFB816D005C2B81 /* Fisticuffs.h in Headers */ = {isa = PBXBuildFile; fileRef = 6A09EF141BFB816D005C2B81 /* Fisticuffs.h */; settings = {ATTRIBUTES = (Public, ); }; };
		6A09EF341BFB816D005C2B81 /* NSObject+AssociatedObjects.swift in Sources */ = {isa = PBXBuildFile; fileRef = 6A09EF161BFB816D005C2B81 /* NSObject+AssociatedObjects.swift */; };
		6A09EF351BFB816D005C2B81 /* NSObject+Binding.swift in Sources */ = {isa = PBXBuildFile; fileRef = 6A09EF171BFB816D005C2B81 /* NSObject+Binding.swift */; };
		6A09EF361BFB816D005C2B81 /* UIBarButtonItem+Binding.swift in Sources */ = {isa = PBXBuildFile; fileRef = 6A09EF181BFB816D005C2B81 /* UIBarButtonItem+Binding.swift */; };
		6A09EF371BFB816D005C2B81 /* UICollectionView+Binding.swift in Sources */ = {isa = PBXBuildFile; fileRef = 6A09EF191BFB816D005C2B81 /* UICollectionView+Binding.swift */; };
		6A09EF381BFB816D005C2B81 /* UIControl+Binding.swift in Sources */ = {isa = PBXBuildFile; fileRef = 6A09EF1A1BFB816D005C2B81 /* UIControl+Binding.swift */; };
		6A09EF391BFB816D005C2B81 /* UILabel+Binding.swift in Sources */ = {isa = PBXBuildFile; fileRef = 6A09EF1B1BFB816D005C2B81 /* UILabel+Binding.swift */; };
		6A09EF3A1BFB816D005C2B81 /* UISearchBar+Binding.swift in Sources */ = {isa = PBXBuildFile; fileRef = 6A09EF1C1BFB816D005C2B81 /* UISearchBar+Binding.swift */; };
		6A09EF3B1BFB816D005C2B81 /* UISegmentedControl+Binding.swift in Sources */ = {isa = PBXBuildFile; fileRef = 6A09EF1D1BFB816D005C2B81 /* UISegmentedControl+Binding.swift */; };
		6A09EF3C1BFB816D005C2B81 /* UISlider+Binding.swift in Sources */ = {isa = PBXBuildFile; fileRef = 6A09EF1E1BFB816D005C2B81 /* UISlider+Binding.swift */; };
		6A09EF3D1BFB816D005C2B81 /* UISwitch+Binding.swift in Sources */ = {isa = PBXBuildFile; fileRef = 6A09EF1F1BFB816D005C2B81 /* UISwitch+Binding.swift */; };
		6A09EF3E1BFB816D005C2B81 /* UITableView+Binding.swift in Sources */ = {isa = PBXBuildFile; fileRef = 6A09EF201BFB816D005C2B81 /* UITableView+Binding.swift */; };
		6A09EF3F1BFB816D005C2B81 /* UITableViewCell+Binding.swift in Sources */ = {isa = PBXBuildFile; fileRef = 6A09EF211BFB816D005C2B81 /* UITableViewCell+Binding.swift */; };
		6A09EF401BFB816D005C2B81 /* UITextField+Binding.swift in Sources */ = {isa = PBXBuildFile; fileRef = 6A09EF221BFB816D005C2B81 /* UITextField+Binding.swift */; };
		6A09EF411BFB816D005C2B81 /* ViewModel.swift in Sources */ = {isa = PBXBuildFile; fileRef = 6A09EF231BFB816D005C2B81 /* ViewModel.swift */; };
		6A09EF4E1BFB878F005C2B81 /* BidirectionalBindingSpec.swift in Sources */ = {isa = PBXBuildFile; fileRef = 6A09EF431BFB878F005C2B81 /* BidirectionalBindingSpec.swift */; };
		6A09EF4F1BFB878F005C2B81 /* BindingSpec.swift in Sources */ = {isa = PBXBuildFile; fileRef = 6A09EF441BFB878F005C2B81 /* BindingSpec.swift */; };
		6A09EF501BFB878F005C2B81 /* ComputedSpec.swift in Sources */ = {isa = PBXBuildFile; fileRef = 6A09EF451BFB878F005C2B81 /* ComputedSpec.swift */; };
		6A09EF511BFB878F005C2B81 /* DependencyTrackerSpec.swift in Sources */ = {isa = PBXBuildFile; fileRef = 6A09EF461BFB878F005C2B81 /* DependencyTrackerSpec.swift */; };
		6A09EF521BFB878F005C2B81 /* DisposableBagSpec.swift in Sources */ = {isa = PBXBuildFile; fileRef = 6A09EF471BFB878F005C2B81 /* DisposableBagSpec.swift */; };
		6A09EF531BFB878F005C2B81 /* EventSpec.swift in Sources */ = {isa = PBXBuildFile; fileRef = 6A09EF481BFB878F005C2B81 /* EventSpec.swift */; };
		6A09EF541BFB878F005C2B81 /* MemoryManagementSpec.swift in Sources */ = {isa = PBXBuildFile; fileRef = 6A09EF491BFB878F005C2B81 /* MemoryManagementSpec.swift */; };
		6A09EF551BFB878F005C2B81 /* ObservableArraySpec.swift in Sources */ = {isa = PBXBuildFile; fileRef = 6A09EF4A1BFB878F005C2B81 /* ObservableArraySpec.swift */; };
		6A09EF561BFB878F005C2B81 /* ObservableSpec.swift in Sources */ = {isa = PBXBuildFile; fileRef = 6A09EF4B1BFB878F005C2B81 /* ObservableSpec.swift */; };
		6A09EF571BFB878F005C2B81 /* OperatorsSpec.swift in Sources */ = {isa = PBXBuildFile; fileRef = 6A09EF4C1BFB878F005C2B81 /* OperatorsSpec.swift */; };
		6A09EF581BFB878F005C2B81 /* UIKitBindingSpec.swift in Sources */ = {isa = PBXBuildFile; fileRef = 6A09EF4D1BFB878F005C2B81 /* UIKitBindingSpec.swift */; };
		6A09F1421BFB896D005C2B81 /* Nimble.framework in Frameworks */ = {isa = PBXBuildFile; fileRef = 6A09F11C1BFB8941005C2B81 /* Nimble.framework */; };
		6A09F1431BFB896D005C2B81 /* Quick.framework in Frameworks */ = {isa = PBXBuildFile; fileRef = 6A09F1371BFB8941005C2B81 /* Quick.framework */; };
		6A09F1891BFB8C50005C2B81 /* AppDelegate.swift in Sources */ = {isa = PBXBuildFile; fileRef = 6A09F1881BFB8C50005C2B81 /* AppDelegate.swift */; };
		6A09F18E1BFB8C50005C2B81 /* Main.storyboard in Resources */ = {isa = PBXBuildFile; fileRef = 6A09F18C1BFB8C50005C2B81 /* Main.storyboard */; };
		6A09F1901BFB8C50005C2B81 /* Assets.xcassets in Resources */ = {isa = PBXBuildFile; fileRef = 6A09F18F1BFB8C50005C2B81 /* Assets.xcassets */; };
		6A09F1931BFB8C50005C2B81 /* LaunchScreen.storyboard in Resources */ = {isa = PBXBuildFile; fileRef = 6A09F1911BFB8C50005C2B81 /* LaunchScreen.storyboard */; };
		6A1DB7421BFE59F4003817D9 /* UIButton+Binding.swift in Sources */ = {isa = PBXBuildFile; fileRef = 6A1DB7411BFE59F4003817D9 /* UIButton+Binding.swift */; };
		6A1DB7531BFE5B2E003817D9 /* UIDatePicker+Binding.swift in Sources */ = {isa = PBXBuildFile; fileRef = 6A1DB7521BFE5B2E003817D9 /* UIDatePicker+Binding.swift */; };
		6A1DB7551BFE5ED8003817D9 /* UIPageControl+Binding.swift in Sources */ = {isa = PBXBuildFile; fileRef = 6A1DB7541BFE5ED8003817D9 /* UIPageControl+Binding.swift */; };
		6A1DB75B1BFE7DCB003817D9 /* TextFieldSample.swift in Sources */ = {isa = PBXBuildFile; fileRef = 6A1DB75A1BFE7DCB003817D9 /* TextFieldSample.swift */; };
		6A1DB75C1BFFBD96003817D9 /* Fisticuffs.framework in Frameworks */ = {isa = PBXBuildFile; fileRef = 6A09EEEA1BFB80E6005C2B81 /* Fisticuffs.framework */; };
		6A1DB75D1BFFBD96003817D9 /* Fisticuffs.framework in Embed Frameworks */ = {isa = PBXBuildFile; fileRef = 6A09EEEA1BFB80E6005C2B81 /* Fisticuffs.framework */; settings = {ATTRIBUTES = (CodeSignOnCopy, RemoveHeadersOnCopy, ); }; };
		6A385FD91C246A0800DCB5AD /* DataSourceSpec.swift in Sources */ = {isa = PBXBuildFile; fileRef = 6A385FC81C246A0300DCB5AD /* DataSourceSpec.swift */; };
		6A6B3BD81BFD33CF00B825DB /* TableViewSampleController.swift in Sources */ = {isa = PBXBuildFile; fileRef = 6A6B3BD71BFD33CF00B825DB /* TableViewSampleController.swift */; };
		6A6B3BD91BFE190600B825DB /* Fisticuffs.framework in Frameworks */ = {isa = PBXBuildFile; fileRef = 6A09EEEA1BFB80E6005C2B81 /* Fisticuffs.framework */; };
		6A6B3BDB1BFE1D4A00B825DB /* CollectionViewSample.swift in Sources */ = {isa = PBXBuildFile; fileRef = 6A6B3BDA1BFE1D4A00B825DB /* CollectionViewSample.swift */; };
		6A6B3BE11BFE2FDD00B825DB /* UIView+Binding.swift in Sources */ = {isa = PBXBuildFile; fileRef = 6A6B3BE01BFE2FDD00B825DB /* UIView+Binding.swift */; };
		6A6B3BF21BFE32F700B825DB /* ControlsSample.swift in Sources */ = {isa = PBXBuildFile; fileRef = 6A6B3BF11BFE32F700B825DB /* ControlsSample.swift */; };
/* End PBXBuildFile section */

/* Begin PBXContainerItemProxy section */
		6A09EEF61BFB80E6005C2B81 /* PBXContainerItemProxy */ = {
			isa = PBXContainerItemProxy;
			containerPortal = 6A09EEE11BFB80E6005C2B81 /* Project object */;
			proxyType = 1;
			remoteGlobalIDString = 6A09EEE91BFB80E6005C2B81;
			remoteInfo = Fisticuffs;
		};
		6A09F11B1BFB8941005C2B81 /* PBXContainerItemProxy */ = {
			isa = PBXContainerItemProxy;
			containerPortal = 6A09EF931BFB8941005C2B81 /* Nimble.xcodeproj */;
			proxyType = 2;
			remoteGlobalIDString = 1F1A74291940169200FFFC47;
			remoteInfo = "Nimble-iOS";
		};
		6A09F11D1BFB8941005C2B81 /* PBXContainerItemProxy */ = {
			isa = PBXContainerItemProxy;
			containerPortal = 6A09EF931BFB8941005C2B81 /* Nimble.xcodeproj */;
			proxyType = 2;
			remoteGlobalIDString = 1F1A74341940169200FFFC47;
			remoteInfo = "Nimble-iOSTests";
		};
		6A09F11F1BFB8941005C2B81 /* PBXContainerItemProxy */ = {
			isa = PBXContainerItemProxy;
			containerPortal = 6A09EF931BFB8941005C2B81 /* Nimble.xcodeproj */;
			proxyType = 2;
			remoteGlobalIDString = 1F925EAD195C0D6300ED456B;
			remoteInfo = "Nimble-OSX";
		};
		6A09F1211BFB8941005C2B81 /* PBXContainerItemProxy */ = {
			isa = PBXContainerItemProxy;
			containerPortal = 6A09EF931BFB8941005C2B81 /* Nimble.xcodeproj */;
			proxyType = 2;
			remoteGlobalIDString = 1F925EB7195C0D6300ED456B;
			remoteInfo = "Nimble-OSXTests";
		};
		6A09F1231BFB8941005C2B81 /* PBXContainerItemProxy */ = {
			isa = PBXContainerItemProxy;
			containerPortal = 6A09EF931BFB8941005C2B81 /* Nimble.xcodeproj */;
			proxyType = 2;
			remoteGlobalIDString = 1F5DF1551BDCA0CE00C3A531;
			remoteInfo = "Nimble-tvOS";
		};
		6A09F1251BFB8941005C2B81 /* PBXContainerItemProxy */ = {
			isa = PBXContainerItemProxy;
			containerPortal = 6A09EF931BFB8941005C2B81 /* Nimble.xcodeproj */;
			proxyType = 2;
			remoteGlobalIDString = 1F5DF15E1BDCA0CE00C3A531;
			remoteInfo = "Nimble-tvOSTests";
		};
		6A09F1301BFB8941005C2B81 /* PBXContainerItemProxy */ = {
			isa = PBXContainerItemProxy;
			containerPortal = 6A09F0281BFB8941005C2B81 /* Quick.xcodeproj */;
			proxyType = 2;
			remoteGlobalIDString = DAEB6B8E1943873100289F44;
			remoteInfo = "Quick-OSX";
		};
		6A09F1321BFB8941005C2B81 /* PBXContainerItemProxy */ = {
			isa = PBXContainerItemProxy;
			containerPortal = 6A09F0281BFB8941005C2B81 /* Quick.xcodeproj */;
			proxyType = 2;
			remoteGlobalIDString = DAEB6B991943873100289F44;
			remoteInfo = "Quick-OSXTests";
		};
		6A09F1341BFB8941005C2B81 /* PBXContainerItemProxy */ = {
			isa = PBXContainerItemProxy;
			containerPortal = 6A09F0281BFB8941005C2B81 /* Quick.xcodeproj */;
			proxyType = 2;
			remoteGlobalIDString = DA5663E81A4C8D8500193C88;
			remoteInfo = "QuickFocused-OSXTests";
		};
		6A09F1361BFB8941005C2B81 /* PBXContainerItemProxy */ = {
			isa = PBXContainerItemProxy;
			containerPortal = 6A09F0281BFB8941005C2B81 /* Quick.xcodeproj */;
			proxyType = 2;
			remoteGlobalIDString = 5A5D117C19473F2100F6D13D;
			remoteInfo = "Quick-iOS";
		};
		6A09F1381BFB8941005C2B81 /* PBXContainerItemProxy */ = {
			isa = PBXContainerItemProxy;
			containerPortal = 6A09F0281BFB8941005C2B81 /* Quick.xcodeproj */;
			proxyType = 2;
			remoteGlobalIDString = 5A5D118619473F2100F6D13D;
			remoteInfo = "Quick-iOSTests";
		};
		6A09F13A1BFB8941005C2B81 /* PBXContainerItemProxy */ = {
			isa = PBXContainerItemProxy;
			containerPortal = 6A09F0281BFB8941005C2B81 /* Quick.xcodeproj */;
			proxyType = 2;
			remoteGlobalIDString = DA9876B21A4C70EB0004AA17;
			remoteInfo = "QuickFocused-iOSTests";
		};
		6A09F13C1BFB8941005C2B81 /* PBXContainerItemProxy */ = {
			isa = PBXContainerItemProxy;
			containerPortal = 6A09F0281BFB8941005C2B81 /* Quick.xcodeproj */;
			proxyType = 2;
			remoteGlobalIDString = 1F118CD51BDCA4AB005013A2;
			remoteInfo = "Quick-tvOS";
		};
		6A09F13E1BFB8941005C2B81 /* PBXContainerItemProxy */ = {
			isa = PBXContainerItemProxy;
			containerPortal = 6A09F0281BFB8941005C2B81 /* Quick.xcodeproj */;
			proxyType = 2;
			remoteGlobalIDString = 1F118CDE1BDCA4AB005013A2;
			remoteInfo = "Quick-tvOSTests";
		};
		6A09F1401BFB8941005C2B81 /* PBXContainerItemProxy */ = {
			isa = PBXContainerItemProxy;
			containerPortal = 6A09F0281BFB8941005C2B81 /* Quick.xcodeproj */;
			proxyType = 2;
			remoteGlobalIDString = 1F118CF01BDCA4BB005013A2;
			remoteInfo = "QuickFocused-tvOSTests";
		};
		6A09F1A71BFB8C71005C2B81 /* PBXContainerItemProxy */ = {
			isa = PBXContainerItemProxy;
			containerPortal = 6A09EEE11BFB80E6005C2B81 /* Project object */;
			proxyType = 1;
			remoteGlobalIDString = 6A09F1851BFB8C50005C2B81;
			remoteInfo = Samples;
		};
		6A1DB75E1BFFBD96003817D9 /* PBXContainerItemProxy */ = {
			isa = PBXContainerItemProxy;
			containerPortal = 6A09EEE11BFB80E6005C2B81 /* Project object */;
			proxyType = 1;
			remoteGlobalIDString = 6A09EEE91BFB80E6005C2B81;
			remoteInfo = Fisticuffs;
		};
/* End PBXContainerItemProxy section */

/* Begin PBXCopyFilesBuildPhase section */
		6A1DB7601BFFBD97003817D9 /* Embed Frameworks */ = {
			isa = PBXCopyFilesBuildPhase;
			buildActionMask = 2147483647;
			dstPath = "";
			dstSubfolderSpec = 10;
			files = (
				6A1DB75D1BFFBD96003817D9 /* Fisticuffs.framework in Embed Frameworks */,
			);
			name = "Embed Frameworks";
			runOnlyForDeploymentPostprocessing = 0;
		};
/* End PBXCopyFilesBuildPhase section */

/* Begin PBXFileReference section */
		6A06EDD81BFBD84D00231806 /* DataSource.swift */ = {isa = PBXFileReference; fileEncoding = 4; lastKnownFileType = sourcecode.swift; path = DataSource.swift; sourceTree = "<group>"; };
		6A06EDE91BFCD9AA00231806 /* CollectionViewDataSource.swift */ = {isa = PBXFileReference; fileEncoding = 4; lastKnownFileType = sourcecode.swift; path = CollectionViewDataSource.swift; sourceTree = "<group>"; };
		6A06EDEB1BFCE49A00231806 /* TableViewDataSource.swift */ = {isa = PBXFileReference; fileEncoding = 4; lastKnownFileType = sourcecode.swift; path = TableViewDataSource.swift; sourceTree = "<group>"; };
		6A09EEEA1BFB80E6005C2B81 /* Fisticuffs.framework */ = {isa = PBXFileReference; explicitFileType = wrapper.framework; includeInIndex = 0; path = Fisticuffs.framework; sourceTree = BUILT_PRODUCTS_DIR; };
		6A09EEF41BFB80E6005C2B81 /* FisticuffsTests.xctest */ = {isa = PBXFileReference; explicitFileType = wrapper.cfbundle; includeInIndex = 0; path = FisticuffsTests.xctest; sourceTree = BUILT_PRODUCTS_DIR; };
		6A09EF051BFB816D005C2B81 /* BidirectionalBinding.swift */ = {isa = PBXFileReference; fileEncoding = 4; lastKnownFileType = sourcecode.swift; path = BidirectionalBinding.swift; sourceTree = "<group>"; };
		6A09EF061BFB816D005C2B81 /* Binding.swift */ = {isa = PBXFileReference; fileEncoding = 4; lastKnownFileType = sourcecode.swift; path = Binding.swift; sourceTree = "<group>"; };
		6A09EF071BFB816D005C2B81 /* Computed.swift */ = {isa = PBXFileReference; fileEncoding = 4; lastKnownFileType = sourcecode.swift; path = Computed.swift; sourceTree = "<group>"; };
		6A09EF081BFB816D005C2B81 /* DependencyTracker.swift */ = {isa = PBXFileReference; fileEncoding = 4; lastKnownFileType = sourcecode.swift; path = DependencyTracker.swift; sourceTree = "<group>"; };
		6A09EF091BFB816D005C2B81 /* Disposable.swift */ = {isa = PBXFileReference; fileEncoding = 4; lastKnownFileType = sourcecode.swift; path = Disposable.swift; sourceTree = "<group>"; };
		6A09EF0A1BFB816D005C2B81 /* DisposableBag.swift */ = {isa = PBXFileReference; fileEncoding = 4; lastKnownFileType = sourcecode.swift; path = DisposableBag.swift; sourceTree = "<group>"; };
		6A09EF0B1BFB816D005C2B81 /* DisposableBlock.swift */ = {isa = PBXFileReference; fileEncoding = 4; lastKnownFileType = sourcecode.swift; path = DisposableBlock.swift; sourceTree = "<group>"; };
		6A09EF0C1BFB816D005C2B81 /* Event.swift */ = {isa = PBXFileReference; fileEncoding = 4; lastKnownFileType = sourcecode.swift; path = Event.swift; sourceTree = "<group>"; };
		6A09EF0D1BFB816D005C2B81 /* Info.plist */ = {isa = PBXFileReference; fileEncoding = 4; lastKnownFileType = text.plist.xml; path = Info.plist; sourceTree = "<group>"; };
		6A09EF0E1BFB816D005C2B81 /* Observable.swift */ = {isa = PBXFileReference; fileEncoding = 4; lastKnownFileType = sourcecode.swift; path = Observable.swift; sourceTree = "<group>"; };
		6A09EF0F1BFB816D005C2B81 /* Operators.swift */ = {isa = PBXFileReference; fileEncoding = 4; lastKnownFileType = sourcecode.swift; path = Operators.swift; sourceTree = "<group>"; };
		6A09EF101BFB816D005C2B81 /* SubscribableType+Array.swift */ = {isa = PBXFileReference; fileEncoding = 4; lastKnownFileType = sourcecode.swift; path = "SubscribableType+Array.swift"; sourceTree = "<group>"; };
		6A09EF111BFB816D005C2B81 /* SubscribableType.swift */ = {isa = PBXFileReference; fileEncoding = 4; lastKnownFileType = sourcecode.swift; path = SubscribableType.swift; sourceTree = "<group>"; };
		6A09EF121BFB816D005C2B81 /* SubscriptionCollection.swift */ = {isa = PBXFileReference; fileEncoding = 4; lastKnownFileType = sourcecode.swift; path = SubscriptionCollection.swift; sourceTree = "<group>"; };
		6A09EF131BFB816D005C2B81 /* SubscriptionOptions.swift */ = {isa = PBXFileReference; fileEncoding = 4; lastKnownFileType = sourcecode.swift; path = SubscriptionOptions.swift; sourceTree = "<group>"; };
		6A09EF141BFB816D005C2B81 /* Fisticuffs.h */ = {isa = PBXFileReference; fileEncoding = 4; lastKnownFileType = sourcecode.c.h; path = Fisticuffs.h; sourceTree = "<group>"; };
		6A09EF161BFB816D005C2B81 /* NSObject+AssociatedObjects.swift */ = {isa = PBXFileReference; fileEncoding = 4; lastKnownFileType = sourcecode.swift; path = "NSObject+AssociatedObjects.swift"; sourceTree = "<group>"; };
		6A09EF171BFB816D005C2B81 /* NSObject+Binding.swift */ = {isa = PBXFileReference; fileEncoding = 4; lastKnownFileType = sourcecode.swift; path = "NSObject+Binding.swift"; sourceTree = "<group>"; };
		6A09EF181BFB816D005C2B81 /* UIBarButtonItem+Binding.swift */ = {isa = PBXFileReference; fileEncoding = 4; lastKnownFileType = sourcecode.swift; path = "UIBarButtonItem+Binding.swift"; sourceTree = "<group>"; };
		6A09EF191BFB816D005C2B81 /* UICollectionView+Binding.swift */ = {isa = PBXFileReference; fileEncoding = 4; lastKnownFileType = sourcecode.swift; path = "UICollectionView+Binding.swift"; sourceTree = "<group>"; };
		6A09EF1A1BFB816D005C2B81 /* UIControl+Binding.swift */ = {isa = PBXFileReference; fileEncoding = 4; lastKnownFileType = sourcecode.swift; path = "UIControl+Binding.swift"; sourceTree = "<group>"; };
		6A09EF1B1BFB816D005C2B81 /* UILabel+Binding.swift */ = {isa = PBXFileReference; fileEncoding = 4; lastKnownFileType = sourcecode.swift; path = "UILabel+Binding.swift"; sourceTree = "<group>"; };
		6A09EF1C1BFB816D005C2B81 /* UISearchBar+Binding.swift */ = {isa = PBXFileReference; fileEncoding = 4; lastKnownFileType = sourcecode.swift; path = "UISearchBar+Binding.swift"; sourceTree = "<group>"; };
		6A09EF1D1BFB816D005C2B81 /* UISegmentedControl+Binding.swift */ = {isa = PBXFileReference; fileEncoding = 4; lastKnownFileType = sourcecode.swift; path = "UISegmentedControl+Binding.swift"; sourceTree = "<group>"; };
		6A09EF1E1BFB816D005C2B81 /* UISlider+Binding.swift */ = {isa = PBXFileReference; fileEncoding = 4; lastKnownFileType = sourcecode.swift; path = "UISlider+Binding.swift"; sourceTree = "<group>"; };
		6A09EF1F1BFB816D005C2B81 /* UISwitch+Binding.swift */ = {isa = PBXFileReference; fileEncoding = 4; lastKnownFileType = sourcecode.swift; path = "UISwitch+Binding.swift"; sourceTree = "<group>"; };
		6A09EF201BFB816D005C2B81 /* UITableView+Binding.swift */ = {isa = PBXFileReference; fileEncoding = 4; lastKnownFileType = sourcecode.swift; path = "UITableView+Binding.swift"; sourceTree = "<group>"; };
		6A09EF211BFB816D005C2B81 /* UITableViewCell+Binding.swift */ = {isa = PBXFileReference; fileEncoding = 4; lastKnownFileType = sourcecode.swift; path = "UITableViewCell+Binding.swift"; sourceTree = "<group>"; };
		6A09EF221BFB816D005C2B81 /* UITextField+Binding.swift */ = {isa = PBXFileReference; fileEncoding = 4; lastKnownFileType = sourcecode.swift; path = "UITextField+Binding.swift"; sourceTree = "<group>"; };
		6A09EF231BFB816D005C2B81 /* ViewModel.swift */ = {isa = PBXFileReference; fileEncoding = 4; lastKnownFileType = sourcecode.swift; path = ViewModel.swift; sourceTree = "<group>"; };
		6A09EF431BFB878F005C2B81 /* BidirectionalBindingSpec.swift */ = {isa = PBXFileReference; fileEncoding = 4; lastKnownFileType = sourcecode.swift; path = BidirectionalBindingSpec.swift; sourceTree = "<group>"; };
		6A09EF441BFB878F005C2B81 /* BindingSpec.swift */ = {isa = PBXFileReference; fileEncoding = 4; lastKnownFileType = sourcecode.swift; path = BindingSpec.swift; sourceTree = "<group>"; };
		6A09EF451BFB878F005C2B81 /* ComputedSpec.swift */ = {isa = PBXFileReference; fileEncoding = 4; lastKnownFileType = sourcecode.swift; path = ComputedSpec.swift; sourceTree = "<group>"; };
		6A09EF461BFB878F005C2B81 /* DependencyTrackerSpec.swift */ = {isa = PBXFileReference; fileEncoding = 4; lastKnownFileType = sourcecode.swift; path = DependencyTrackerSpec.swift; sourceTree = "<group>"; };
		6A09EF471BFB878F005C2B81 /* DisposableBagSpec.swift */ = {isa = PBXFileReference; fileEncoding = 4; lastKnownFileType = sourcecode.swift; path = DisposableBagSpec.swift; sourceTree = "<group>"; };
		6A09EF481BFB878F005C2B81 /* EventSpec.swift */ = {isa = PBXFileReference; fileEncoding = 4; lastKnownFileType = sourcecode.swift; path = EventSpec.swift; sourceTree = "<group>"; };
		6A09EF491BFB878F005C2B81 /* MemoryManagementSpec.swift */ = {isa = PBXFileReference; fileEncoding = 4; lastKnownFileType = sourcecode.swift; path = MemoryManagementSpec.swift; sourceTree = "<group>"; };
		6A09EF4A1BFB878F005C2B81 /* ObservableArraySpec.swift */ = {isa = PBXFileReference; fileEncoding = 4; lastKnownFileType = sourcecode.swift; path = ObservableArraySpec.swift; sourceTree = "<group>"; };
		6A09EF4B1BFB878F005C2B81 /* ObservableSpec.swift */ = {isa = PBXFileReference; fileEncoding = 4; lastKnownFileType = sourcecode.swift; path = ObservableSpec.swift; sourceTree = "<group>"; };
		6A09EF4C1BFB878F005C2B81 /* OperatorsSpec.swift */ = {isa = PBXFileReference; fileEncoding = 4; lastKnownFileType = sourcecode.swift; path = OperatorsSpec.swift; sourceTree = "<group>"; };
		6A09EF4D1BFB878F005C2B81 /* UIKitBindingSpec.swift */ = {isa = PBXFileReference; fileEncoding = 4; lastKnownFileType = sourcecode.swift; path = UIKitBindingSpec.swift; sourceTree = "<group>"; };
		6A09EF931BFB8941005C2B81 /* Nimble.xcodeproj */ = {isa = PBXFileReference; lastKnownFileType = "wrapper.pb-project"; path = Nimble.xcodeproj; sourceTree = "<group>"; };
		6A09F0281BFB8941005C2B81 /* Quick.xcodeproj */ = {isa = PBXFileReference; lastKnownFileType = "wrapper.pb-project"; path = Quick.xcodeproj; sourceTree = "<group>"; };
		6A09F1681BFB89C5005C2B81 /* Info.plist */ = {isa = PBXFileReference; fileEncoding = 4; lastKnownFileType = text.plist.xml; path = Info.plist; sourceTree = "<group>"; };
		6A09F1861BFB8C50005C2B81 /* Samples.app */ = {isa = PBXFileReference; explicitFileType = wrapper.application; includeInIndex = 0; path = Samples.app; sourceTree = BUILT_PRODUCTS_DIR; };
		6A09F1881BFB8C50005C2B81 /* AppDelegate.swift */ = {isa = PBXFileReference; lastKnownFileType = sourcecode.swift; path = AppDelegate.swift; sourceTree = "<group>"; };
		6A09F18D1BFB8C50005C2B81 /* Base */ = {isa = PBXFileReference; lastKnownFileType = file.storyboard; name = Base; path = Base.lproj/Main.storyboard; sourceTree = "<group>"; };
		6A09F18F1BFB8C50005C2B81 /* Assets.xcassets */ = {isa = PBXFileReference; lastKnownFileType = folder.assetcatalog; path = Assets.xcassets; sourceTree = "<group>"; };
		6A09F1921BFB8C50005C2B81 /* Base */ = {isa = PBXFileReference; lastKnownFileType = file.storyboard; name = Base; path = Base.lproj/LaunchScreen.storyboard; sourceTree = "<group>"; };
		6A09F1941BFB8C50005C2B81 /* Info.plist */ = {isa = PBXFileReference; lastKnownFileType = text.plist.xml; path = Info.plist; sourceTree = "<group>"; };
		6A1DB7411BFE59F4003817D9 /* UIButton+Binding.swift */ = {isa = PBXFileReference; fileEncoding = 4; lastKnownFileType = sourcecode.swift; path = "UIButton+Binding.swift"; sourceTree = "<group>"; };
		6A1DB7521BFE5B2E003817D9 /* UIDatePicker+Binding.swift */ = {isa = PBXFileReference; fileEncoding = 4; lastKnownFileType = sourcecode.swift; path = "UIDatePicker+Binding.swift"; sourceTree = "<group>"; };
		6A1DB7541BFE5ED8003817D9 /* UIPageControl+Binding.swift */ = {isa = PBXFileReference; fileEncoding = 4; lastKnownFileType = sourcecode.swift; path = "UIPageControl+Binding.swift"; sourceTree = "<group>"; };
		6A1DB75A1BFE7DCB003817D9 /* TextFieldSample.swift */ = {isa = PBXFileReference; fileEncoding = 4; lastKnownFileType = sourcecode.swift; path = TextFieldSample.swift; sourceTree = "<group>"; };
		6A385FC81C246A0300DCB5AD /* DataSourceSpec.swift */ = {isa = PBXFileReference; fileEncoding = 4; lastKnownFileType = sourcecode.swift; path = DataSourceSpec.swift; sourceTree = "<group>"; };
		6A6B3BD71BFD33CF00B825DB /* TableViewSampleController.swift */ = {isa = PBXFileReference; fileEncoding = 4; lastKnownFileType = sourcecode.swift; path = TableViewSampleController.swift; sourceTree = "<group>"; };
		6A6B3BDA1BFE1D4A00B825DB /* CollectionViewSample.swift */ = {isa = PBXFileReference; fileEncoding = 4; lastKnownFileType = sourcecode.swift; path = CollectionViewSample.swift; sourceTree = "<group>"; };
		6A6B3BE01BFE2FDD00B825DB /* UIView+Binding.swift */ = {isa = PBXFileReference; fileEncoding = 4; lastKnownFileType = sourcecode.swift; path = "UIView+Binding.swift"; sourceTree = "<group>"; };
		6A6B3BF11BFE32F700B825DB /* ControlsSample.swift */ = {isa = PBXFileReference; fileEncoding = 4; lastKnownFileType = sourcecode.swift; path = ControlsSample.swift; sourceTree = "<group>"; };
/* End PBXFileReference section */

/* Begin PBXFrameworksBuildPhase section */
		6A09EEE61BFB80E6005C2B81 /* Frameworks */ = {
			isa = PBXFrameworksBuildPhase;
			buildActionMask = 2147483647;
			files = (
			);
			runOnlyForDeploymentPostprocessing = 0;
		};
		6A09EEF11BFB80E6005C2B81 /* Frameworks */ = {
			isa = PBXFrameworksBuildPhase;
			buildActionMask = 2147483647;
			files = (
				6A09F1421BFB896D005C2B81 /* Nimble.framework in Frameworks */,
				6A09F1431BFB896D005C2B81 /* Quick.framework in Frameworks */,
				6A09EEF51BFB80E6005C2B81 /* Fisticuffs.framework in Frameworks */,
			);
			runOnlyForDeploymentPostprocessing = 0;
		};
		6A09F1831BFB8C50005C2B81 /* Frameworks */ = {
			isa = PBXFrameworksBuildPhase;
			buildActionMask = 2147483647;
			files = (
				6A1DB75C1BFFBD96003817D9 /* Fisticuffs.framework in Frameworks */,
				6A6B3BD91BFE190600B825DB /* Fisticuffs.framework in Frameworks */,
			);
			runOnlyForDeploymentPostprocessing = 0;
		};
/* End PBXFrameworksBuildPhase section */

/* Begin PBXGroup section */
		6A09EEE01BFB80E6005C2B81 = {
			isa = PBXGroup;
			children = (
				6A09EF041BFB816D005C2B81 /* Source */,
				6A09EF421BFB878F005C2B81 /* Tests */,
				6A09F1871BFB8C50005C2B81 /* Samples */,
				6A09EEEB1BFB80E6005C2B81 /* Products */,
			);
			sourceTree = "<group>";
		};
		6A09EEEB1BFB80E6005C2B81 /* Products */ = {
			isa = PBXGroup;
			children = (
				6A09EEEA1BFB80E6005C2B81 /* Fisticuffs.framework */,
				6A09EEF41BFB80E6005C2B81 /* FisticuffsTests.xctest */,
				6A09F1861BFB8C50005C2B81 /* Samples.app */,
			);
			name = Products;
			sourceTree = "<group>";
		};
		6A09EF041BFB816D005C2B81 /* Source */ = {
			isa = PBXGroup;
			children = (
				6A09EF051BFB816D005C2B81 /* BidirectionalBinding.swift */,
				6A09EF061BFB816D005C2B81 /* Binding.swift */,
				6A09EF071BFB816D005C2B81 /* Computed.swift */,
				6A09EF081BFB816D005C2B81 /* DependencyTracker.swift */,
				6A09EF091BFB816D005C2B81 /* Disposable.swift */,
				6A09EF0A1BFB816D005C2B81 /* DisposableBag.swift */,
				6A09EF0B1BFB816D005C2B81 /* DisposableBlock.swift */,
				6A09EF0C1BFB816D005C2B81 /* Event.swift */,
				6A09EF0D1BFB816D005C2B81 /* Info.plist */,
				6A09EF0E1BFB816D005C2B81 /* Observable.swift */,
				6A09EF0F1BFB816D005C2B81 /* Operators.swift */,
				6A09EF101BFB816D005C2B81 /* SubscribableType+Array.swift */,
				6A09EF111BFB816D005C2B81 /* SubscribableType.swift */,
				6A09EF121BFB816D005C2B81 /* SubscriptionCollection.swift */,
				6A09EF131BFB816D005C2B81 /* SubscriptionOptions.swift */,
				6A09EF141BFB816D005C2B81 /* Fisticuffs.h */,
				6A09EF151BFB816D005C2B81 /* UIKit */,
				6A09EF231BFB816D005C2B81 /* ViewModel.swift */,
			);
			path = Source;
			sourceTree = "<group>";
		};
		6A09EF151BFB816D005C2B81 /* UIKit */ = {
			isa = PBXGroup;
			children = (
				6A09EF161BFB816D005C2B81 /* NSObject+AssociatedObjects.swift */,
				6A09EF171BFB816D005C2B81 /* NSObject+Binding.swift */,
				6A09EF181BFB816D005C2B81 /* UIBarButtonItem+Binding.swift */,
				6A1DB7411BFE59F4003817D9 /* UIButton+Binding.swift */,
				6A09EF191BFB816D005C2B81 /* UICollectionView+Binding.swift */,
				6A09EF1A1BFB816D005C2B81 /* UIControl+Binding.swift */,
				6A1DB7521BFE5B2E003817D9 /* UIDatePicker+Binding.swift */,
				6A09EF1B1BFB816D005C2B81 /* UILabel+Binding.swift */,
				6A1DB7541BFE5ED8003817D9 /* UIPageControl+Binding.swift */,
				6A09EF1C1BFB816D005C2B81 /* UISearchBar+Binding.swift */,
				6A09EF1D1BFB816D005C2B81 /* UISegmentedControl+Binding.swift */,
				6A09EF1E1BFB816D005C2B81 /* UISlider+Binding.swift */,
				6A09EF1F1BFB816D005C2B81 /* UISwitch+Binding.swift */,
				6A09EF201BFB816D005C2B81 /* UITableView+Binding.swift */,
				6A09EF211BFB816D005C2B81 /* UITableViewCell+Binding.swift */,
				6A09EF221BFB816D005C2B81 /* UITextField+Binding.swift */,
				6A6B3BE01BFE2FDD00B825DB /* UIView+Binding.swift */,
				6A06EDD81BFBD84D00231806 /* DataSource.swift */,
				6A06EDE91BFCD9AA00231806 /* CollectionViewDataSource.swift */,
				6A06EDEB1BFCE49A00231806 /* TableViewDataSource.swift */,
			);
			path = UIKit;
			sourceTree = "<group>";
		};
		6A09EF421BFB878F005C2B81 /* Tests */ = {
			isa = PBXGroup;
			children = (
				6A09EF591BFB8941005C2B81 /* Vendor */,
				6A09F1681BFB89C5005C2B81 /* Info.plist */,
				6A09EF431BFB878F005C2B81 /* BidirectionalBindingSpec.swift */,
				6A09EF441BFB878F005C2B81 /* BindingSpec.swift */,
				6A09EF451BFB878F005C2B81 /* ComputedSpec.swift */,
				6A09EF461BFB878F005C2B81 /* DependencyTrackerSpec.swift */,
				6A09EF471BFB878F005C2B81 /* DisposableBagSpec.swift */,
				6A09EF481BFB878F005C2B81 /* EventSpec.swift */,
				6A09EF491BFB878F005C2B81 /* MemoryManagementSpec.swift */,
				6A09EF4A1BFB878F005C2B81 /* ObservableArraySpec.swift */,
				6A09EF4B1BFB878F005C2B81 /* ObservableSpec.swift */,
				6A09EF4C1BFB878F005C2B81 /* OperatorsSpec.swift */,
				6A09EF4D1BFB878F005C2B81 /* UIKitBindingSpec.swift */,
				6A385FC81C246A0300DCB5AD /* DataSourceSpec.swift */,
			);
			path = Tests;
			sourceTree = "<group>";
		};
		6A09EF591BFB8941005C2B81 /* Vendor */ = {
			isa = PBXGroup;
			children = (
				6A09EF5A1BFB8941005C2B81 /* Nimble */,
				6A09EFD51BFB8941005C2B81 /* Quick */,
			);
			path = Vendor;
			sourceTree = "<group>";
		};
		6A09EF5A1BFB8941005C2B81 /* Nimble */ = {
			isa = PBXGroup;
			children = (
				6A09EF931BFB8941005C2B81 /* Nimble.xcodeproj */,
			);
			path = Nimble;
			sourceTree = "<group>";
		};
		6A09EF941BFB8941005C2B81 /* Products */ = {
			isa = PBXGroup;
			children = (
				6A09F11C1BFB8941005C2B81 /* Nimble.framework */,
				6A09F11E1BFB8941005C2B81 /* NimbleTests.xctest */,
				6A09F1201BFB8941005C2B81 /* Nimble.framework */,
				6A09F1221BFB8941005C2B81 /* NimbleTests.xctest */,
				6A09F1241BFB8941005C2B81 /* Nimble.framework */,
				6A09F1261BFB8941005C2B81 /* NimbleTests.xctest */,
			);
			name = Products;
			sourceTree = "<group>";
		};
		6A09EFD51BFB8941005C2B81 /* Quick */ = {
			isa = PBXGroup;
			children = (
				6A09F0281BFB8941005C2B81 /* Quick.xcodeproj */,
			);
			path = Quick;
			sourceTree = "<group>";
		};
		6A09F0291BFB8941005C2B81 /* Products */ = {
			isa = PBXGroup;
			children = (
				6A09F1311BFB8941005C2B81 /* Quick.framework */,
				6A09F1331BFB8941005C2B81 /* Quick-OSXTests.xctest */,
				6A09F1351BFB8941005C2B81 /* QuickFocused-OSXTests.xctest */,
				6A09F1371BFB8941005C2B81 /* Quick.framework */,
				6A09F1391BFB8941005C2B81 /* Quick-iOSTests.xctest */,
				6A09F13B1BFB8941005C2B81 /* QuickFocused-iOSTests.xctest */,
				6A09F13D1BFB8941005C2B81 /* Quick.framework */,
				6A09F13F1BFB8941005C2B81 /* Quick-tvOSTests.xctest */,
				6A09F1411BFB8941005C2B81 /* QuickFocused-tvOSTests.xctest */,
			);
			name = Products;
			sourceTree = "<group>";
		};
		6A09F1871BFB8C50005C2B81 /* Samples */ = {
			isa = PBXGroup;
			children = (
				6A09F1881BFB8C50005C2B81 /* AppDelegate.swift */,
				6A09F18C1BFB8C50005C2B81 /* Main.storyboard */,
				6A09F18F1BFB8C50005C2B81 /* Assets.xcassets */,
				6A09F1911BFB8C50005C2B81 /* LaunchScreen.storyboard */,
				6A09F1941BFB8C50005C2B81 /* Info.plist */,
				6A6B3BD71BFD33CF00B825DB /* TableViewSampleController.swift */,
				6A6B3BDA1BFE1D4A00B825DB /* CollectionViewSample.swift */,
				6A6B3BF11BFE32F700B825DB /* ControlsSample.swift */,
				6A1DB75A1BFE7DCB003817D9 /* TextFieldSample.swift */,
			);
			path = Samples;
			sourceTree = "<group>";
		};
/* End PBXGroup section */

/* Begin PBXHeadersBuildPhase section */
		6A09EEE71BFB80E6005C2B81 /* Headers */ = {
			isa = PBXHeadersBuildPhase;
			buildActionMask = 2147483647;
			files = (
				6A09EF331BFB816D005C2B81 /* Fisticuffs.h in Headers */,
			);
			runOnlyForDeploymentPostprocessing = 0;
		};
/* End PBXHeadersBuildPhase section */

/* Begin PBXNativeTarget section */
		6A09EEE91BFB80E6005C2B81 /* Fisticuffs */ = {
			isa = PBXNativeTarget;
			buildConfigurationList = 6A09EEFE1BFB80E6005C2B81 /* Build configuration list for PBXNativeTarget "Fisticuffs" */;
			buildPhases = (
				6A09EEE51BFB80E6005C2B81 /* Sources */,
				6A09EEE61BFB80E6005C2B81 /* Frameworks */,
				6A09EEE71BFB80E6005C2B81 /* Headers */,
				6A09EEE81BFB80E6005C2B81 /* Resources */,
			);
			buildRules = (
			);
			dependencies = (
			);
			name = Fisticuffs;
			productName = Fisticuffs;
			productReference = 6A09EEEA1BFB80E6005C2B81 /* Fisticuffs.framework */;
			productType = "com.apple.product-type.framework";
		};
		6A09EEF31BFB80E6005C2B81 /* FisticuffsTests */ = {
			isa = PBXNativeTarget;
			buildConfigurationList = 6A09EF011BFB80E6005C2B81 /* Build configuration list for PBXNativeTarget "FisticuffsTests" */;
			buildPhases = (
				6A09EEF01BFB80E6005C2B81 /* Sources */,
				6A09EEF11BFB80E6005C2B81 /* Frameworks */,
				6A09EEF21BFB80E6005C2B81 /* Resources */,
			);
			buildRules = (
			);
			dependencies = (
				6A09EEF71BFB80E6005C2B81 /* PBXTargetDependency */,
				6A09F1A81BFB8C71005C2B81 /* PBXTargetDependency */,
			);
			name = FisticuffsTests;
			productName = FisticuffsTests;
			productReference = 6A09EEF41BFB80E6005C2B81 /* FisticuffsTests.xctest */;
			productType = "com.apple.product-type.bundle.unit-test";
		};
		6A09F1851BFB8C50005C2B81 /* Samples */ = {
			isa = PBXNativeTarget;
			buildConfigurationList = 6A09F1A61BFB8C50005C2B81 /* Build configuration list for PBXNativeTarget "Samples" */;
			buildPhases = (
				6A09F1821BFB8C50005C2B81 /* Sources */,
				6A09F1831BFB8C50005C2B81 /* Frameworks */,
				6A09F1841BFB8C50005C2B81 /* Resources */,
				6A1DB7601BFFBD97003817D9 /* Embed Frameworks */,
			);
			buildRules = (
			);
			dependencies = (
				6A1DB75F1BFFBD96003817D9 /* PBXTargetDependency */,
			);
			name = Samples;
			productName = Samples;
			productReference = 6A09F1861BFB8C50005C2B81 /* Samples.app */;
			productType = "com.apple.product-type.application";
		};
/* End PBXNativeTarget section */

/* Begin PBXProject section */
		6A09EEE11BFB80E6005C2B81 /* Project object */ = {
			isa = PBXProject;
			attributes = {
				LastSwiftUpdateCheck = 0710;
				LastUpgradeCheck = 0710;
				ORGANIZATIONNAME = theScore;
				TargetAttributes = {
					6A09EEE91BFB80E6005C2B81 = {
						CreatedOnToolsVersion = 7.1;
					};
					6A09EEF31BFB80E6005C2B81 = {
						CreatedOnToolsVersion = 7.1;
						TestTargetID = 6A09F1851BFB8C50005C2B81;
					};
					6A09F1851BFB8C50005C2B81 = {
						CreatedOnToolsVersion = 7.1;
					};
				};
			};
			buildConfigurationList = 6A09EEE41BFB80E6005C2B81 /* Build configuration list for PBXProject "Fisticuffs" */;
			compatibilityVersion = "Xcode 3.2";
			developmentRegion = English;
			hasScannedForEncodings = 0;
			knownRegions = (
				en,
				Base,
			);
			mainGroup = 6A09EEE01BFB80E6005C2B81;
			productRefGroup = 6A09EEEB1BFB80E6005C2B81 /* Products */;
			projectDirPath = "";
			projectReferences = (
				{
					ProductGroup = 6A09EF941BFB8941005C2B81 /* Products */;
					ProjectRef = 6A09EF931BFB8941005C2B81 /* Nimble.xcodeproj */;
				},
				{
					ProductGroup = 6A09F0291BFB8941005C2B81 /* Products */;
					ProjectRef = 6A09F0281BFB8941005C2B81 /* Quick.xcodeproj */;
				},
			);
			projectRoot = "";
			targets = (
				6A09EEE91BFB80E6005C2B81 /* Fisticuffs */,
				6A09EEF31BFB80E6005C2B81 /* FisticuffsTests */,
				6A09F1851BFB8C50005C2B81 /* Samples */,
			);
		};
/* End PBXProject section */

/* Begin PBXReferenceProxy section */
		6A09F11C1BFB8941005C2B81 /* Nimble.framework */ = {
			isa = PBXReferenceProxy;
			fileType = wrapper.framework;
			path = Nimble.framework;
			remoteRef = 6A09F11B1BFB8941005C2B81 /* PBXContainerItemProxy */;
			sourceTree = BUILT_PRODUCTS_DIR;
		};
		6A09F11E1BFB8941005C2B81 /* NimbleTests.xctest */ = {
			isa = PBXReferenceProxy;
			fileType = wrapper.cfbundle;
			path = NimbleTests.xctest;
			remoteRef = 6A09F11D1BFB8941005C2B81 /* PBXContainerItemProxy */;
			sourceTree = BUILT_PRODUCTS_DIR;
		};
		6A09F1201BFB8941005C2B81 /* Nimble.framework */ = {
			isa = PBXReferenceProxy;
			fileType = wrapper.framework;
			path = Nimble.framework;
			remoteRef = 6A09F11F1BFB8941005C2B81 /* PBXContainerItemProxy */;
			sourceTree = BUILT_PRODUCTS_DIR;
		};
		6A09F1221BFB8941005C2B81 /* NimbleTests.xctest */ = {
			isa = PBXReferenceProxy;
			fileType = wrapper.cfbundle;
			path = NimbleTests.xctest;
			remoteRef = 6A09F1211BFB8941005C2B81 /* PBXContainerItemProxy */;
			sourceTree = BUILT_PRODUCTS_DIR;
		};
		6A09F1241BFB8941005C2B81 /* Nimble.framework */ = {
			isa = PBXReferenceProxy;
			fileType = wrapper.framework;
			path = Nimble.framework;
			remoteRef = 6A09F1231BFB8941005C2B81 /* PBXContainerItemProxy */;
			sourceTree = BUILT_PRODUCTS_DIR;
		};
		6A09F1261BFB8941005C2B81 /* NimbleTests.xctest */ = {
			isa = PBXReferenceProxy;
			fileType = wrapper.cfbundle;
			path = NimbleTests.xctest;
			remoteRef = 6A09F1251BFB8941005C2B81 /* PBXContainerItemProxy */;
			sourceTree = BUILT_PRODUCTS_DIR;
		};
		6A09F1311BFB8941005C2B81 /* Quick.framework */ = {
			isa = PBXReferenceProxy;
			fileType = wrapper.framework;
			path = Quick.framework;
			remoteRef = 6A09F1301BFB8941005C2B81 /* PBXContainerItemProxy */;
			sourceTree = BUILT_PRODUCTS_DIR;
		};
		6A09F1331BFB8941005C2B81 /* Quick-OSXTests.xctest */ = {
			isa = PBXReferenceProxy;
			fileType = wrapper.cfbundle;
			path = "Quick-OSXTests.xctest";
			remoteRef = 6A09F1321BFB8941005C2B81 /* PBXContainerItemProxy */;
			sourceTree = BUILT_PRODUCTS_DIR;
		};
		6A09F1351BFB8941005C2B81 /* QuickFocused-OSXTests.xctest */ = {
			isa = PBXReferenceProxy;
			fileType = wrapper.cfbundle;
			path = "QuickFocused-OSXTests.xctest";
			remoteRef = 6A09F1341BFB8941005C2B81 /* PBXContainerItemProxy */;
			sourceTree = BUILT_PRODUCTS_DIR;
		};
		6A09F1371BFB8941005C2B81 /* Quick.framework */ = {
			isa = PBXReferenceProxy;
			fileType = wrapper.framework;
			path = Quick.framework;
			remoteRef = 6A09F1361BFB8941005C2B81 /* PBXContainerItemProxy */;
			sourceTree = BUILT_PRODUCTS_DIR;
		};
		6A09F1391BFB8941005C2B81 /* Quick-iOSTests.xctest */ = {
			isa = PBXReferenceProxy;
			fileType = wrapper.cfbundle;
			path = "Quick-iOSTests.xctest";
			remoteRef = 6A09F1381BFB8941005C2B81 /* PBXContainerItemProxy */;
			sourceTree = BUILT_PRODUCTS_DIR;
		};
		6A09F13B1BFB8941005C2B81 /* QuickFocused-iOSTests.xctest */ = {
			isa = PBXReferenceProxy;
			fileType = wrapper.cfbundle;
			path = "QuickFocused-iOSTests.xctest";
			remoteRef = 6A09F13A1BFB8941005C2B81 /* PBXContainerItemProxy */;
			sourceTree = BUILT_PRODUCTS_DIR;
		};
		6A09F13D1BFB8941005C2B81 /* Quick.framework */ = {
			isa = PBXReferenceProxy;
			fileType = wrapper.framework;
			path = Quick.framework;
			remoteRef = 6A09F13C1BFB8941005C2B81 /* PBXContainerItemProxy */;
			sourceTree = BUILT_PRODUCTS_DIR;
		};
		6A09F13F1BFB8941005C2B81 /* Quick-tvOSTests.xctest */ = {
			isa = PBXReferenceProxy;
			fileType = wrapper.cfbundle;
			path = "Quick-tvOSTests.xctest";
			remoteRef = 6A09F13E1BFB8941005C2B81 /* PBXContainerItemProxy */;
			sourceTree = BUILT_PRODUCTS_DIR;
		};
		6A09F1411BFB8941005C2B81 /* QuickFocused-tvOSTests.xctest */ = {
			isa = PBXReferenceProxy;
			fileType = wrapper.cfbundle;
			path = "QuickFocused-tvOSTests.xctest";
			remoteRef = 6A09F1401BFB8941005C2B81 /* PBXContainerItemProxy */;
			sourceTree = BUILT_PRODUCTS_DIR;
		};
/* End PBXReferenceProxy section */

/* Begin PBXResourcesBuildPhase section */
		6A09EEE81BFB80E6005C2B81 /* Resources */ = {
			isa = PBXResourcesBuildPhase;
			buildActionMask = 2147483647;
			files = (
			);
			runOnlyForDeploymentPostprocessing = 0;
		};
		6A09EEF21BFB80E6005C2B81 /* Resources */ = {
			isa = PBXResourcesBuildPhase;
			buildActionMask = 2147483647;
			files = (
			);
			runOnlyForDeploymentPostprocessing = 0;
		};
		6A09F1841BFB8C50005C2B81 /* Resources */ = {
			isa = PBXResourcesBuildPhase;
			buildActionMask = 2147483647;
			files = (
				6A09F1931BFB8C50005C2B81 /* LaunchScreen.storyboard in Resources */,
				6A09F1901BFB8C50005C2B81 /* Assets.xcassets in Resources */,
				6A09F18E1BFB8C50005C2B81 /* Main.storyboard in Resources */,
			);
			runOnlyForDeploymentPostprocessing = 0;
		};
/* End PBXResourcesBuildPhase section */

/* Begin PBXSourcesBuildPhase section */
		6A09EEE51BFB80E6005C2B81 /* Sources */ = {
			isa = PBXSourcesBuildPhase;
			buildActionMask = 2147483647;
			files = (
				6A09EF3B1BFB816D005C2B81 /* UISegmentedControl+Binding.swift in Sources */,
				6A09EF2B1BFB816D005C2B81 /* Event.swift in Sources */,
				6A09EF3A1BFB816D005C2B81 /* UISearchBar+Binding.swift in Sources */,
				6A09EF2E1BFB816D005C2B81 /* Operators.swift in Sources */,
				6A09EF261BFB816D005C2B81 /* Computed.swift in Sources */,
				6A09EF311BFB816D005C2B81 /* SubscriptionCollection.swift in Sources */,
				6A09EF411BFB816D005C2B81 /* ViewModel.swift in Sources */,
				6A09EF381BFB816D005C2B81 /* UIControl+Binding.swift in Sources */,
				6A09EF271BFB816D005C2B81 /* DependencyTracker.swift in Sources */,
				6A09EF301BFB816D005C2B81 /* SubscribableType.swift in Sources */,
				6A09EF2F1BFB816D005C2B81 /* SubscribableType+Array.swift in Sources */,
				6A09EF391BFB816D005C2B81 /* UILabel+Binding.swift in Sources */,
				6A09EF281BFB816D005C2B81 /* Disposable.swift in Sources */,
				6A09EF2D1BFB816D005C2B81 /* Observable.swift in Sources */,
				6A6B3BE11BFE2FDD00B825DB /* UIView+Binding.swift in Sources */,
				6A09EF3E1BFB816D005C2B81 /* UITableView+Binding.swift in Sources */,
				6A09EF241BFB816D005C2B81 /* BidirectionalBinding.swift in Sources */,
				6A09EF401BFB816D005C2B81 /* UITextField+Binding.swift in Sources */,
				6A09EF3F1BFB816D005C2B81 /* UITableViewCell+Binding.swift in Sources */,
				6A09EF371BFB816D005C2B81 /* UICollectionView+Binding.swift in Sources */,
				6A09EF3D1BFB816D005C2B81 /* UISwitch+Binding.swift in Sources */,
				6A1DB7531BFE5B2E003817D9 /* UIDatePicker+Binding.swift in Sources */,
				6A09EF291BFB816D005C2B81 /* DisposableBag.swift in Sources */,
				6A09EF321BFB816D005C2B81 /* SubscriptionOptions.swift in Sources */,
				6A09EF2A1BFB816D005C2B81 /* DisposableBlock.swift in Sources */,
				6A09EF361BFB816D005C2B81 /* UIBarButtonItem+Binding.swift in Sources */,
				6A09EF3C1BFB816D005C2B81 /* UISlider+Binding.swift in Sources */,
				6A06EDEA1BFCD9AA00231806 /* CollectionViewDataSource.swift in Sources */,
				6A06EDD91BFBD84D00231806 /* DataSource.swift in Sources */,
				6A1DB7551BFE5ED8003817D9 /* UIPageControl+Binding.swift in Sources */,
				6A09EF251BFB816D005C2B81 /* Binding.swift in Sources */,
				6A09EF341BFB816D005C2B81 /* NSObject+AssociatedObjects.swift in Sources */,
				6A06EDEC1BFCE49A00231806 /* TableViewDataSource.swift in Sources */,
				6A1DB7421BFE59F4003817D9 /* UIButton+Binding.swift in Sources */,
				6A09EF351BFB816D005C2B81 /* NSObject+Binding.swift in Sources */,
			);
			runOnlyForDeploymentPostprocessing = 0;
		};
		6A09EEF01BFB80E6005C2B81 /* Sources */ = {
			isa = PBXSourcesBuildPhase;
			buildActionMask = 2147483647;
			files = (
				6A09EF511BFB878F005C2B81 /* DependencyTrackerSpec.swift in Sources */,
				6A09EF531BFB878F005C2B81 /* EventSpec.swift in Sources */,
				6A09EF521BFB878F005C2B81 /* DisposableBagSpec.swift in Sources */,
				6A09EF561BFB878F005C2B81 /* ObservableSpec.swift in Sources */,
				6A09EF551BFB878F005C2B81 /* ObservableArraySpec.swift in Sources */,
				6A09EF541BFB878F005C2B81 /* MemoryManagementSpec.swift in Sources */,
				6A09EF571BFB878F005C2B81 /* OperatorsSpec.swift in Sources */,
				6A09EF4F1BFB878F005C2B81 /* BindingSpec.swift in Sources */,
				6A09EF4E1BFB878F005C2B81 /* BidirectionalBindingSpec.swift in Sources */,
				6A385FD91C246A0800DCB5AD /* DataSourceSpec.swift in Sources */,
				6A09EF581BFB878F005C2B81 /* UIKitBindingSpec.swift in Sources */,
				6A09EF501BFB878F005C2B81 /* ComputedSpec.swift in Sources */,
			);
			runOnlyForDeploymentPostprocessing = 0;
		};
		6A09F1821BFB8C50005C2B81 /* Sources */ = {
			isa = PBXSourcesBuildPhase;
			buildActionMask = 2147483647;
			files = (
				6A6B3BD81BFD33CF00B825DB /* TableViewSampleController.swift in Sources */,
				6A6B3BF21BFE32F700B825DB /* ControlsSample.swift in Sources */,
				6A1DB75B1BFE7DCB003817D9 /* TextFieldSample.swift in Sources */,
				6A09F1891BFB8C50005C2B81 /* AppDelegate.swift in Sources */,
				6A6B3BDB1BFE1D4A00B825DB /* CollectionViewSample.swift in Sources */,
			);
			runOnlyForDeploymentPostprocessing = 0;
		};
/* End PBXSourcesBuildPhase section */

/* Begin PBXTargetDependency section */
		6A09EEF71BFB80E6005C2B81 /* PBXTargetDependency */ = {
			isa = PBXTargetDependency;
			target = 6A09EEE91BFB80E6005C2B81 /* Fisticuffs */;
			targetProxy = 6A09EEF61BFB80E6005C2B81 /* PBXContainerItemProxy */;
		};
		6A09F1A81BFB8C71005C2B81 /* PBXTargetDependency */ = {
			isa = PBXTargetDependency;
			target = 6A09F1851BFB8C50005C2B81 /* Samples */;
			targetProxy = 6A09F1A71BFB8C71005C2B81 /* PBXContainerItemProxy */;
		};
		6A1DB75F1BFFBD96003817D9 /* PBXTargetDependency */ = {
			isa = PBXTargetDependency;
			target = 6A09EEE91BFB80E6005C2B81 /* Fisticuffs */;
			targetProxy = 6A1DB75E1BFFBD96003817D9 /* PBXContainerItemProxy */;
		};
/* End PBXTargetDependency section */

/* Begin PBXVariantGroup section */
		6A09F18C1BFB8C50005C2B81 /* Main.storyboard */ = {
			isa = PBXVariantGroup;
			children = (
				6A09F18D1BFB8C50005C2B81 /* Base */,
			);
			name = Main.storyboard;
			sourceTree = "<group>";
		};
		6A09F1911BFB8C50005C2B81 /* LaunchScreen.storyboard */ = {
			isa = PBXVariantGroup;
			children = (
				6A09F1921BFB8C50005C2B81 /* Base */,
			);
			name = LaunchScreen.storyboard;
			sourceTree = "<group>";
		};
/* End PBXVariantGroup section */

/* Begin XCBuildConfiguration section */
		6A09EEFC1BFB80E6005C2B81 /* Debug */ = {
			isa = XCBuildConfiguration;
			buildSettings = {
				ALWAYS_SEARCH_USER_PATHS = NO;
				CLANG_CXX_LANGUAGE_STANDARD = "gnu++0x";
				CLANG_CXX_LIBRARY = "libc++";
				CLANG_ENABLE_MODULES = YES;
				CLANG_ENABLE_OBJC_ARC = YES;
				CLANG_WARN_BOOL_CONVERSION = YES;
				CLANG_WARN_CONSTANT_CONVERSION = YES;
				CLANG_WARN_DIRECT_OBJC_ISA_USAGE = YES_ERROR;
				CLANG_WARN_EMPTY_BODY = YES;
				CLANG_WARN_ENUM_CONVERSION = YES;
				CLANG_WARN_INT_CONVERSION = YES;
				CLANG_WARN_OBJC_ROOT_CLASS = YES_ERROR;
				CLANG_WARN_UNREACHABLE_CODE = YES;
				CLANG_WARN__DUPLICATE_METHOD_MATCH = YES;
				"CODE_SIGN_IDENTITY[sdk=iphoneos*]" = "iPhone Developer";
				COPY_PHASE_STRIP = NO;
				CURRENT_PROJECT_VERSION = 1;
				DEBUG_INFORMATION_FORMAT = dwarf;
				ENABLE_STRICT_OBJC_MSGSEND = YES;
				ENABLE_TESTABILITY = YES;
				GCC_C_LANGUAGE_STANDARD = gnu99;
				GCC_DYNAMIC_NO_PIC = NO;
				GCC_NO_COMMON_BLOCKS = YES;
				GCC_OPTIMIZATION_LEVEL = 0;
				GCC_PREPROCESSOR_DEFINITIONS = (
					"DEBUG=1",
					"$(inherited)",
				);
				GCC_WARN_64_TO_32_BIT_CONVERSION = YES;
				GCC_WARN_ABOUT_RETURN_TYPE = YES_ERROR;
				GCC_WARN_UNDECLARED_SELECTOR = YES;
				GCC_WARN_UNINITIALIZED_AUTOS = YES_AGGRESSIVE;
				GCC_WARN_UNUSED_FUNCTION = YES;
				GCC_WARN_UNUSED_VARIABLE = YES;
				IPHONEOS_DEPLOYMENT_TARGET = 8.0;
				MTL_ENABLE_DEBUG_INFO = YES;
				ONLY_ACTIVE_ARCH = YES;
				SDKROOT = iphoneos;
				SWIFT_OPTIMIZATION_LEVEL = "-Onone";
				TARGETED_DEVICE_FAMILY = "1,2";
				VERSIONING_SYSTEM = "apple-generic";
				VERSION_INFO_PREFIX = "";
			};
			name = Debug;
		};
		6A09EEFD1BFB80E6005C2B81 /* Release */ = {
			isa = XCBuildConfiguration;
			buildSettings = {
				ALWAYS_SEARCH_USER_PATHS = NO;
				CLANG_CXX_LANGUAGE_STANDARD = "gnu++0x";
				CLANG_CXX_LIBRARY = "libc++";
				CLANG_ENABLE_MODULES = YES;
				CLANG_ENABLE_OBJC_ARC = YES;
				CLANG_WARN_BOOL_CONVERSION = YES;
				CLANG_WARN_CONSTANT_CONVERSION = YES;
				CLANG_WARN_DIRECT_OBJC_ISA_USAGE = YES_ERROR;
				CLANG_WARN_EMPTY_BODY = YES;
				CLANG_WARN_ENUM_CONVERSION = YES;
				CLANG_WARN_INT_CONVERSION = YES;
				CLANG_WARN_OBJC_ROOT_CLASS = YES_ERROR;
				CLANG_WARN_UNREACHABLE_CODE = YES;
				CLANG_WARN__DUPLICATE_METHOD_MATCH = YES;
				"CODE_SIGN_IDENTITY[sdk=iphoneos*]" = "iPhone Developer";
				COPY_PHASE_STRIP = NO;
				CURRENT_PROJECT_VERSION = 1;
				DEBUG_INFORMATION_FORMAT = "dwarf-with-dsym";
				ENABLE_NS_ASSERTIONS = NO;
				ENABLE_STRICT_OBJC_MSGSEND = YES;
				GCC_C_LANGUAGE_STANDARD = gnu99;
				GCC_NO_COMMON_BLOCKS = YES;
				GCC_WARN_64_TO_32_BIT_CONVERSION = YES;
				GCC_WARN_ABOUT_RETURN_TYPE = YES_ERROR;
				GCC_WARN_UNDECLARED_SELECTOR = YES;
				GCC_WARN_UNINITIALIZED_AUTOS = YES_AGGRESSIVE;
				GCC_WARN_UNUSED_FUNCTION = YES;
				GCC_WARN_UNUSED_VARIABLE = YES;
				IPHONEOS_DEPLOYMENT_TARGET = 8.0;
				MTL_ENABLE_DEBUG_INFO = NO;
				SDKROOT = iphoneos;
				TARGETED_DEVICE_FAMILY = "1,2";
				VALIDATE_PRODUCT = YES;
				VERSIONING_SYSTEM = "apple-generic";
				VERSION_INFO_PREFIX = "";
			};
			name = Release;
		};
		6A09EEFF1BFB80E6005C2B81 /* Debug */ = {
			isa = XCBuildConfiguration;
			buildSettings = {
				DEFINES_MODULE = YES;
				DYLIB_COMPATIBILITY_VERSION = 1;
				DYLIB_CURRENT_VERSION = 1;
				DYLIB_INSTALL_NAME_BASE = "@rpath";
				INFOPLIST_FILE = Source/Info.plist;
				INSTALL_PATH = "$(LOCAL_LIBRARY_DIR)/Frameworks";
				LD_RUNPATH_SEARCH_PATHS = "$(inherited) @executable_path/Frameworks @loader_path/Frameworks";
				PRODUCT_BUNDLE_IDENTIFIER = com.thescore.Fisticuffs;
				PRODUCT_NAME = "$(TARGET_NAME)";
				SKIP_INSTALL = YES;
			};
			name = Debug;
		};
		6A09EF001BFB80E6005C2B81 /* Release */ = {
			isa = XCBuildConfiguration;
			buildSettings = {
				DEFINES_MODULE = YES;
				DYLIB_COMPATIBILITY_VERSION = 1;
				DYLIB_CURRENT_VERSION = 1;
				DYLIB_INSTALL_NAME_BASE = "@rpath";
				INFOPLIST_FILE = Source/Info.plist;
				INSTALL_PATH = "$(LOCAL_LIBRARY_DIR)/Frameworks";
				LD_RUNPATH_SEARCH_PATHS = "$(inherited) @executable_path/Frameworks @loader_path/Frameworks";
				PRODUCT_BUNDLE_IDENTIFIER = com.thescore.Fisticuffs;
				PRODUCT_NAME = "$(TARGET_NAME)";
				SKIP_INSTALL = YES;
			};
			name = Release;
		};
		6A09EF021BFB80E6005C2B81 /* Debug */ = {
			isa = XCBuildConfiguration;
			buildSettings = {
				INFOPLIST_FILE = Tests/Info.plist;
				LD_RUNPATH_SEARCH_PATHS = "$(inherited) @executable_path/Frameworks @loader_path/Frameworks";
				PRODUCT_BUNDLE_IDENTIFIER = com.thescore.FisticuffsTests;
				PRODUCT_NAME = "$(TARGET_NAME)";
				TEST_HOST = "$(BUILT_PRODUCTS_DIR)/Samples.app/Samples";
			};
			name = Debug;
		};
		6A09EF031BFB80E6005C2B81 /* Release */ = {
			isa = XCBuildConfiguration;
			buildSettings = {
				INFOPLIST_FILE = Tests/Info.plist;
				LD_RUNPATH_SEARCH_PATHS = "$(inherited) @executable_path/Frameworks @loader_path/Frameworks";
				PRODUCT_BUNDLE_IDENTIFIER = com.thescore.FisticuffsTests;
				PRODUCT_NAME = "$(TARGET_NAME)";
				TEST_HOST = "$(BUILT_PRODUCTS_DIR)/Samples.app/Samples";
			};
			name = Release;
		};
		6A09F1951BFB8C50005C2B81 /* Debug */ = {
			isa = XCBuildConfiguration;
			buildSettings = {
				ASSETCATALOG_COMPILER_APPICON_NAME = AppIcon;
				EMBEDDED_CONTENT_CONTAINS_SWIFT = YES;
				INFOPLIST_FILE = Samples/Info.plist;
				LD_RUNPATH_SEARCH_PATHS = "$(inherited) @executable_path/Frameworks";
				PRODUCT_BUNDLE_IDENTIFIER = com.thescore.Fisticuffs.Samples;
				PRODUCT_NAME = "$(TARGET_NAME)";
			};
			name = Debug;
		};
		6A09F1961BFB8C50005C2B81 /* Release */ = {
			isa = XCBuildConfiguration;
			buildSettings = {
				ASSETCATALOG_COMPILER_APPICON_NAME = AppIcon;
				EMBEDDED_CONTENT_CONTAINS_SWIFT = YES;
				INFOPLIST_FILE = Samples/Info.plist;
				LD_RUNPATH_SEARCH_PATHS = "$(inherited) @executable_path/Frameworks";
				PRODUCT_BUNDLE_IDENTIFIER = com.thescore.Fisticuffs.Samples;
				PRODUCT_NAME = "$(TARGET_NAME)";
			};
			name = Release;
		};
/* End XCBuildConfiguration section */

/* Begin XCConfigurationList section */
		6A09EEE41BFB80E6005C2B81 /* Build configuration list for PBXProject "Fisticuffs" */ = {
			isa = XCConfigurationList;
			buildConfigurations = (
				6A09EEFC1BFB80E6005C2B81 /* Debug */,
				6A09EEFD1BFB80E6005C2B81 /* Release */,
			);
			defaultConfigurationIsVisible = 0;
			defaultConfigurationName = Release;
		};
		6A09EEFE1BFB80E6005C2B81 /* Build configuration list for PBXNativeTarget "Fisticuffs" */ = {
			isa = XCConfigurationList;
			buildConfigurations = (
				6A09EEFF1BFB80E6005C2B81 /* Debug */,
				6A09EF001BFB80E6005C2B81 /* Release */,
			);
			defaultConfigurationIsVisible = 0;
			defaultConfigurationName = Release;
		};
		6A09EF011BFB80E6005C2B81 /* Build configuration list for PBXNativeTarget "FisticuffsTests" */ = {
			isa = XCConfigurationList;
			buildConfigurations = (
				6A09EF021BFB80E6005C2B81 /* Debug */,
				6A09EF031BFB80E6005C2B81 /* Release */,
			);
			defaultConfigurationIsVisible = 0;
			defaultConfigurationName = Release;
		};
		6A09F1A61BFB8C50005C2B81 /* Build configuration list for PBXNativeTarget "Samples" */ = {
			isa = XCConfigurationList;
			buildConfigurations = (
				6A09F1951BFB8C50005C2B81 /* Debug */,
				6A09F1961BFB8C50005C2B81 /* Release */,
			);
			defaultConfigurationIsVisible = 0;
			defaultConfigurationName = Release;
		};
/* End XCConfigurationList section */
	};
	rootObject = 6A09EEE11BFB80E6005C2B81 /* Project object */;
}
