// !$*UTF8*$!
{
	archiveVersion = 1;
	classes = {
	};
	objectVersion = 56;
	objects = {

/* Begin PBXBuildFile section */
		4F66380025C5C5FD00473132 /* SubscriptionCollection.swift in Sources */ = {isa = PBXBuildFile; fileRef = 4F6637C125C5C5FD00473132 /* SubscriptionCollection.swift */; };
		4F66380125C5C5FD00473132 /* BidirectionalBindableProperty.swift in Sources */ = {isa = PBXBuildFile; fileRef = 4F6637C225C5C5FD00473132 /* BidirectionalBindableProperty.swift */; };
		4F66380225C5C5FD00473132 /* SubscriptionOptions.swift in Sources */ = {isa = PBXBuildFile; fileRef = 4F6637C325C5C5FD00473132 /* SubscriptionOptions.swift */; };
		4F66380325C5C5FD00473132 /* Subscribable+Array.swift in Sources */ = {isa = PBXBuildFile; fileRef = 4F6637C425C5C5FD00473132 /* Subscribable+Array.swift */; };
		4F66380425C5C5FD00473132 /* DisposableBag.swift in Sources */ = {isa = PBXBuildFile; fileRef = 4F6637C525C5C5FD00473132 /* DisposableBag.swift */; };
		4F66380525C5C5FD00473132 /* BindingHandlers.swift in Sources */ = {isa = PBXBuildFile; fileRef = 4F6637C625C5C5FD00473132 /* BindingHandlers.swift */; };
		4F66380625C5C5FD00473132 /* WritableComputed.swift in Sources */ = {isa = PBXBuildFile; fileRef = 4F6637C725C5C5FD00473132 /* WritableComputed.swift */; };
		4F66380725C5C5FD00473132 /* Event.swift in Sources */ = {isa = PBXBuildFile; fileRef = 4F6637C825C5C5FD00473132 /* Event.swift */; };
		4F66380825C5C5FD00473132 /* UIRefreshControl+Binding.swift in Sources */ = {isa = PBXBuildFile; fileRef = 4F6637CA25C5C5FD00473132 /* UIRefreshControl+Binding.swift */; };
		4F66380925C5C5FD00473132 /* UITextField+Binding.swift in Sources */ = {isa = PBXBuildFile; fileRef = 4F6637CB25C5C5FD00473132 /* UITextField+Binding.swift */; };
		4F66380A25C5C5FD00473132 /* UIAlertAction+Binding.swift in Sources */ = {isa = PBXBuildFile; fileRef = 4F6637CC25C5C5FD00473132 /* UIAlertAction+Binding.swift */; };
		4F66380B25C5C5FD00473132 /* UIView+Binding.swift in Sources */ = {isa = PBXBuildFile; fileRef = 4F6637CD25C5C5FD00473132 /* UIView+Binding.swift */; };
		4F66380C25C5C5FD00473132 /* CollectionViewDataSource.swift in Sources */ = {isa = PBXBuildFile; fileRef = 4F6637CE25C5C5FD00473132 /* CollectionViewDataSource.swift */; };
		4F66380D25C5C5FD00473132 /* UIImageView+Binding.swift in Sources */ = {isa = PBXBuildFile; fileRef = 4F6637CF25C5C5FD00473132 /* UIImageView+Binding.swift */; };
		4F66380E25C5C5FD00473132 /* UIBarButtonItem+Binding.swift in Sources */ = {isa = PBXBuildFile; fileRef = 4F6637D025C5C5FD00473132 /* UIBarButtonItem+Binding.swift */; };
		4F66380F25C5C5FD00473132 /* UITableViewCell+Binding.swift in Sources */ = {isa = PBXBuildFile; fileRef = 4F6637D125C5C5FD00473132 /* UITableViewCell+Binding.swift */; };
		4F66381025C5C5FD00473132 /* TableViewDataSource.swift in Sources */ = {isa = PBXBuildFile; fileRef = 4F6637D225C5C5FD00473132 /* TableViewDataSource.swift */; };
		4F66381125C5C5FD00473132 /* UISegmentedControl+Binding.swift in Sources */ = {isa = PBXBuildFile; fileRef = 4F6637D325C5C5FD00473132 /* UISegmentedControl+Binding.swift */; };
		4F66381225C5C5FD00473132 /* UICollectionView+Binding.swift in Sources */ = {isa = PBXBuildFile; fileRef = 4F6637D425C5C5FD00473132 /* UICollectionView+Binding.swift */; };
		4F66381325C5C5FD00473132 /* UIDatePicker+Binding.swift in Sources */ = {isa = PBXBuildFile; fileRef = 4F6637D525C5C5FD00473132 /* UIDatePicker+Binding.swift */; };
		4F66381425C5C5FD00473132 /* UIActivityIndicatorView+Binding.swift in Sources */ = {isa = PBXBuildFile; fileRef = 4F6637D625C5C5FD00473132 /* UIActivityIndicatorView+Binding.swift */; };
		4F66381525C5C5FD00473132 /* UISwitch+Binding.swift in Sources */ = {isa = PBXBuildFile; fileRef = 4F6637D725C5C5FD00473132 /* UISwitch+Binding.swift */; };
		4F66381625C5C5FD00473132 /* AssociatedObjects.swift in Sources */ = {isa = PBXBuildFile; fileRef = 4F6637D825C5C5FD00473132 /* AssociatedObjects.swift */; };
		4F66381725C5C5FD00473132 /* UIButton+Binding.swift in Sources */ = {isa = PBXBuildFile; fileRef = 4F6637D925C5C5FD00473132 /* UIButton+Binding.swift */; };
		4F66381825C5C5FD00473132 /* UILabel+Binding.swift in Sources */ = {isa = PBXBuildFile; fileRef = 4F6637DA25C5C5FD00473132 /* UILabel+Binding.swift */; };
		4F66381925C5C5FD00473132 /* LoadImageManagerType.swift in Sources */ = {isa = PBXBuildFile; fileRef = 4F6637DC25C5C5FD00473132 /* LoadImageManagerType.swift */; };
		4F66381A25C5C5FD00473132 /* LoadImageBindingHandler.swift in Sources */ = {isa = PBXBuildFile; fileRef = 4F6637DD25C5C5FD00473132 /* LoadImageBindingHandler.swift */; };
		4F66381B25C5C5FD00473132 /* LoadImageManager.swift in Sources */ = {isa = PBXBuildFile; fileRef = 4F6637DE25C5C5FD00473132 /* LoadImageManager.swift */; };
		4F66381C25C5C5FD00473132 /* UIPageControl+Binding.swift in Sources */ = {isa = PBXBuildFile; fileRef = 4F6637DF25C5C5FD00473132 /* UIPageControl+Binding.swift */; };
		4F66381D25C5C5FD00473132 /* DataSource.swift in Sources */ = {isa = PBXBuildFile; fileRef = 4F6637E025C5C5FD00473132 /* DataSource.swift */; };
		4F66381E25C5C5FD00473132 /* UISlider+Binding.swift in Sources */ = {isa = PBXBuildFile; fileRef = 4F6637E125C5C5FD00473132 /* UISlider+Binding.swift */; };
		4F66381F25C5C5FD00473132 /* UIBarItem+Binding.swift in Sources */ = {isa = PBXBuildFile; fileRef = 4F6637E225C5C5FD00473132 /* UIBarItem+Binding.swift */; };
		4F66382025C5C5FD00473132 /* NSLayoutConstraint+Binding.swift in Sources */ = {isa = PBXBuildFile; fileRef = 4F6637E325C5C5FD00473132 /* NSLayoutConstraint+Binding.swift */; };
		4F66382125C5C5FD00473132 /* UISearchBar+Binding.swift in Sources */ = {isa = PBXBuildFile; fileRef = 4F6637E425C5C5FD00473132 /* UISearchBar+Binding.swift */; };
		4F66382225C5C5FD00473132 /* UIControl+Binding.swift in Sources */ = {isa = PBXBuildFile; fileRef = 4F6637E525C5C5FD00473132 /* UIControl+Binding.swift */; };
		4F66382325C5C5FD00473132 /* TargetActionBindableProperty.swift in Sources */ = {isa = PBXBuildFile; fileRef = 4F6637E625C5C5FD00473132 /* TargetActionBindableProperty.swift */; };
		4F66382425C5C5FD00473132 /* UITableView+Binding.swift in Sources */ = {isa = PBXBuildFile; fileRef = 4F6637E725C5C5FD00473132 /* UITableView+Binding.swift */; };
		4F66382525C5C5FD00473132 /* AnySubscribable.swift in Sources */ = {isa = PBXBuildFile; fileRef = 4F6637E825C5C5FD00473132 /* AnySubscribable.swift */; };
		4F66382625C5C5FD00473132 /* ThrottleBindingHandler.swift in Sources */ = {isa = PBXBuildFile; fileRef = 4F6637E925C5C5FD00473132 /* ThrottleBindingHandler.swift */; };
		4F66382725C5C5FD00473132 /* BindableProperty.swift in Sources */ = {isa = PBXBuildFile; fileRef = 4F6637EA25C5C5FD00473132 /* BindableProperty.swift */; };
		4F66382825C5C5FD00473132 /* ViewModel.swift in Sources */ = {isa = PBXBuildFile; fileRef = 4F6637EB25C5C5FD00473132 /* ViewModel.swift */; };
		4F66382925C5C5FD00473132 /* Computed.swift in Sources */ = {isa = PBXBuildFile; fileRef = 4F6637EC25C5C5FD00473132 /* Computed.swift */; };
		4F66382A25C5C5FD00473132 /* Disposable.swift in Sources */ = {isa = PBXBuildFile; fileRef = 4F6637ED25C5C5FD00473132 /* Disposable.swift */; };
		4F66382B25C5C5FD00473132 /* Operators.swift in Sources */ = {isa = PBXBuildFile; fileRef = 4F6637EE25C5C5FD00473132 /* Operators.swift */; };
		4F66382C25C5C5FD00473132 /* Subscribable.swift in Sources */ = {isa = PBXBuildFile; fileRef = 4F6637EF25C5C5FD00473132 /* Subscribable.swift */; };
		4F66382D25C5C5FD00473132 /* ComposedBindingHandler.swift in Sources */ = {isa = PBXBuildFile; fileRef = 4F6637F025C5C5FD00473132 /* ComposedBindingHandler.swift */; };
		4F66382E25C5C5FD00473132 /* DefaultBindingHandler.swift in Sources */ = {isa = PBXBuildFile; fileRef = 4F6637F125C5C5FD00473132 /* DefaultBindingHandler.swift */; };
		4F66382F25C5C5FD00473132 /* DispatchSource+Fisticuffs.swift in Sources */ = {isa = PBXBuildFile; fileRef = 4F6637F325C5C5FD00473132 /* DispatchSource+Fisticuffs.swift */; };
		4F66383025C5C5FD00473132 /* NSLocking+Fisticuffs.swift in Sources */ = {isa = PBXBuildFile; fileRef = 4F6637F425C5C5FD00473132 /* NSLocking+Fisticuffs.swift */; };
		4F66383125C5C5FD00473132 /* Fisticuffs.h in Headers */ = {isa = PBXBuildFile; fileRef = 4F6637F525C5C5FD00473132 /* Fisticuffs.h */; settings = {ATTRIBUTES = (Public, ); }; };
		4F66383225C5C5FD00473132 /* OptionalType.swift in Sources */ = {isa = PBXBuildFile; fileRef = 4F6637F625C5C5FD00473132 /* OptionalType.swift */; };
		4F66383325C5C5FD00473132 /* Fisticuffs.swift in Sources */ = {isa = PBXBuildFile; fileRef = 4F6637F725C5C5FD00473132 /* Fisticuffs.swift */; };
		4F66383525C5C5FD00473132 /* DisposableBlock.swift in Sources */ = {isa = PBXBuildFile; fileRef = 4F6637F925C5C5FD00473132 /* DisposableBlock.swift */; };
		4F66383625C5C5FD00473132 /* DependencyTracker.swift in Sources */ = {isa = PBXBuildFile; fileRef = 4F6637FA25C5C5FD00473132 /* DependencyTracker.swift */; };
		4F66383725C5C5FD00473132 /* OptionalTypeBindingHandler.swift in Sources */ = {isa = PBXBuildFile; fileRef = 4F6637FB25C5C5FD00473132 /* OptionalTypeBindingHandler.swift */; };
		4F66383825C5C5FD00473132 /* BindingHandler.swift in Sources */ = {isa = PBXBuildFile; fileRef = 4F6637FC25C5C5FD00473132 /* BindingHandler.swift */; };
		4F66383925C5C5FD00473132 /* TransformBindingHandler.swift in Sources */ = {isa = PBXBuildFile; fileRef = 4F6637FD25C5C5FD00473132 /* TransformBindingHandler.swift */; };
		4F66383B25C5C5FD00473132 /* ComputedBindingHandler.swift in Sources */ = {isa = PBXBuildFile; fileRef = 4F6637FF25C5C5FD00473132 /* ComputedBindingHandler.swift */; };
		4F66385325C5C66000473132 /* DisposableBagSpec.swift in Sources */ = {isa = PBXBuildFile; fileRef = 4F66384325C5C66000473132 /* DisposableBagSpec.swift */; };
		4F66385425C5C66000473132 /* MemoryManagementSpec.swift in Sources */ = {isa = PBXBuildFile; fileRef = 4F66384425C5C66000473132 /* MemoryManagementSpec.swift */; };
		4F66385525C5C66000473132 /* UIKitBindingSpec.swift in Sources */ = {isa = PBXBuildFile; fileRef = 4F66384525C5C66000473132 /* UIKitBindingSpec.swift */; };
		4F66385725C5C66000473132 /* WritableComputedSpec.swift in Sources */ = {isa = PBXBuildFile; fileRef = 4F66384725C5C66000473132 /* WritableComputedSpec.swift */; };
		4F66385825C5C66000473132 /* DependencyTrackerSpec.swift in Sources */ = {isa = PBXBuildFile; fileRef = 4F66384825C5C66000473132 /* DependencyTrackerSpec.swift */; };
		4F66385925C5C66000473132 /* EventSpec.swift in Sources */ = {isa = PBXBuildFile; fileRef = 4F66384925C5C66000473132 /* EventSpec.swift */; };
		4F66385A25C5C66000473132 /* DataSourceSpec.swift in Sources */ = {isa = PBXBuildFile; fileRef = 4F66384A25C5C66000473132 /* DataSourceSpec.swift */; };
		4F66385B25C5C66100473132 /* BindingSpec.swift in Sources */ = {isa = PBXBuildFile; fileRef = 4F66384B25C5C66000473132 /* BindingSpec.swift */; };
		4F66385C25C5C66100473132 /* BidirectionalBindingSpec.swift in Sources */ = {isa = PBXBuildFile; fileRef = 4F66384C25C5C66000473132 /* BidirectionalBindingSpec.swift */; };
		4F66385D25C5C66100473132 /* OperatorsSpec.swift in Sources */ = {isa = PBXBuildFile; fileRef = 4F66384D25C5C66000473132 /* OperatorsSpec.swift */; };
		4F66385E25C5C66100473132 /* BindingHandlersSpec.swift in Sources */ = {isa = PBXBuildFile; fileRef = 4F66384E25C5C66000473132 /* BindingHandlersSpec.swift */; };
		4F66385F25C5C66100473132 /* AnySubscribableSpec.swift in Sources */ = {isa = PBXBuildFile; fileRef = 4F66384F25C5C66000473132 /* AnySubscribableSpec.swift */; };
		4F66386125C5C66100473132 /* ComputedSpec.swift in Sources */ = {isa = PBXBuildFile; fileRef = 4F66385125C5C66000473132 /* ComputedSpec.swift */; };
		4F66386825C5C6A000473132 /* Quick in Frameworks */ = {isa = PBXBuildFile; productRef = 4F66386725C5C6A000473132 /* Quick */; };
		4F66386D25C5C6BE00473132 /* Nimble in Frameworks */ = {isa = PBXBuildFile; productRef = 4F66386C25C5C6BE00473132 /* Nimble */; };
		6A09EEF51BFB80E6005C2B81 /* Fisticuffs.framework in Frameworks */ = {isa = PBXBuildFile; fileRef = 6A09EEEA1BFB80E6005C2B81 /* Fisticuffs.framework */; };
		6A09F1891BFB8C50005C2B81 /* AppDelegate.swift in Sources */ = {isa = PBXBuildFile; fileRef = 6A09F1881BFB8C50005C2B81 /* AppDelegate.swift */; };
		6A09F18E1BFB8C50005C2B81 /* Main.storyboard in Resources */ = {isa = PBXBuildFile; fileRef = 6A09F18C1BFB8C50005C2B81 /* Main.storyboard */; };
		6A09F1901BFB8C50005C2B81 /* Assets.xcassets in Resources */ = {isa = PBXBuildFile; fileRef = 6A09F18F1BFB8C50005C2B81 /* Assets.xcassets */; };
		6A09F1931BFB8C50005C2B81 /* LaunchScreen.storyboard in Resources */ = {isa = PBXBuildFile; fileRef = 6A09F1911BFB8C50005C2B81 /* LaunchScreen.storyboard */; };
		6A1DB75B1BFE7DCB003817D9 /* TextFieldSample.swift in Sources */ = {isa = PBXBuildFile; fileRef = 6A1DB75A1BFE7DCB003817D9 /* TextFieldSample.swift */; };
		6A1DB75C1BFFBD96003817D9 /* Fisticuffs.framework in Frameworks */ = {isa = PBXBuildFile; fileRef = 6A09EEEA1BFB80E6005C2B81 /* Fisticuffs.framework */; };
		6A1DB75D1BFFBD96003817D9 /* Fisticuffs.framework in Embed Frameworks */ = {isa = PBXBuildFile; fileRef = 6A09EEEA1BFB80E6005C2B81 /* Fisticuffs.framework */; settings = {ATTRIBUTES = (CodeSignOnCopy, RemoveHeadersOnCopy, ); }; };
		6A6B3BD81BFD33CF00B825DB /* TableViewSampleController.swift in Sources */ = {isa = PBXBuildFile; fileRef = 6A6B3BD71BFD33CF00B825DB /* TableViewSampleController.swift */; };
		6A6B3BDB1BFE1D4A00B825DB /* CollectionViewSample.swift in Sources */ = {isa = PBXBuildFile; fileRef = 6A6B3BDA1BFE1D4A00B825DB /* CollectionViewSample.swift */; };
		6A6B3BF21BFE32F700B825DB /* ControlsSample.swift in Sources */ = {isa = PBXBuildFile; fileRef = 6A6B3BF11BFE32F700B825DB /* ControlsSample.swift */; };
		6A6E14C41C751925003F4EC6 /* ImageViewSample.swift in Sources */ = {isa = PBXBuildFile; fileRef = 6A6E14C31C751925003F4EC6 /* ImageViewSample.swift */; };
		A45F9F432AC5E80E00D9338D /* CurrentValueSubscribableSpec.swift in Sources */ = {isa = PBXBuildFile; fileRef = A45F9F412AC5E80E00D9338D /* CurrentValueSubscribableSpec.swift */; };
		A45F9F442AC5E80E00D9338D /* CurrentValueSubscribableArraySpec.swift in Sources */ = {isa = PBXBuildFile; fileRef = A45F9F422AC5E80E00D9338D /* CurrentValueSubscribableArraySpec.swift */; };
		A45F9F462AC5E84300D9338D /* CurrentValueSubscribable.swift in Sources */ = {isa = PBXBuildFile; fileRef = A45F9F452AC5E84300D9338D /* CurrentValueSubscribable.swift */; };
		C689E1AF2622606100B66BDD /* Scheduler.swift in Sources */ = {isa = PBXBuildFile; fileRef = C689E1AE2622606100B66BDD /* Scheduler.swift */; };
		C689E1B32622609500B66BDD /* DispatchQueue+Scheduler.swift in Sources */ = {isa = PBXBuildFile; fileRef = C689E1B22622609500B66BDD /* DispatchQueue+Scheduler.swift */; };
		C689E1B7262260B300B66BDD /* OperationQueue+Scheduler.swift in Sources */ = {isa = PBXBuildFile; fileRef = C689E1B6262260B300B66BDD /* OperationQueue+Scheduler.swift */; };
		C689E1BB262260BB00B66BDD /* DefaultScheduler.swift in Sources */ = {isa = PBXBuildFile; fileRef = C689E1BA262260BB00B66BDD /* DefaultScheduler.swift */; };
		C689E1BF262260C400B66BDD /* RunLoop+Scheduler.swift in Sources */ = {isa = PBXBuildFile; fileRef = C689E1BE262260C400B66BDD /* RunLoop+Scheduler.swift */; };
		C6D3A4CE2624F0E00090790A /* SchedulersSpec.swift in Sources */ = {isa = PBXBuildFile; fileRef = C6D3A4CD2624F0E00090790A /* SchedulersSpec.swift */; };
		C6D3A4D22624F5B60090790A /* SubscribableSpec.swift in Sources */ = {isa = PBXBuildFile; fileRef = C6D3A4D12624F5B60090790A /* SubscribableSpec.swift */; };
		C6D3A4EE2626519E0090790A /* MainThreadScheduler.swift in Sources */ = {isa = PBXBuildFile; fileRef = C6D3A4ED2626519E0090790A /* MainThreadScheduler.swift */; };
/* End PBXBuildFile section */

/* Begin PBXContainerItemProxy section */
		6A09EEF61BFB80E6005C2B81 /* PBXContainerItemProxy */ = {
			isa = PBXContainerItemProxy;
			containerPortal = 6A09EEE11BFB80E6005C2B81 /* Project object */;
			proxyType = 1;
			remoteGlobalIDString = 6A09EEE91BFB80E6005C2B81;
			remoteInfo = Fisticuffs;
		};
		6A09F1A71BFB8C71005C2B81 /* PBXContainerItemProxy */ = {
			isa = PBXContainerItemProxy;
			containerPortal = 6A09EEE11BFB80E6005C2B81 /* Project object */;
			proxyType = 1;
			remoteGlobalIDString = 6A09F1851BFB8C50005C2B81;
			remoteInfo = Samples;
		};
		6A1DB75E1BFFBD96003817D9 /* PBXContainerItemProxy */ = {
			isa = PBXContainerItemProxy;
			containerPortal = 6A09EEE11BFB80E6005C2B81 /* Project object */;
			proxyType = 1;
			remoteGlobalIDString = 6A09EEE91BFB80E6005C2B81;
			remoteInfo = Fisticuffs;
		};
/* End PBXContainerItemProxy section */

/* Begin PBXCopyFilesBuildPhase section */
		6A1DB7601BFFBD97003817D9 /* Embed Frameworks */ = {
			isa = PBXCopyFilesBuildPhase;
			buildActionMask = 2147483647;
			dstPath = "";
			dstSubfolderSpec = 10;
			files = (
				6A1DB75D1BFFBD96003817D9 /* Fisticuffs.framework in Embed Frameworks */,
			);
			name = "Embed Frameworks";
			runOnlyForDeploymentPostprocessing = 0;
		};
/* End PBXCopyFilesBuildPhase section */

/* Begin PBXFileReference section */
		4F6637C125C5C5FD00473132 /* SubscriptionCollection.swift */ = {isa = PBXFileReference; fileEncoding = 4; lastKnownFileType = sourcecode.swift; path = SubscriptionCollection.swift; sourceTree = "<group>"; };
		4F6637C225C5C5FD00473132 /* BidirectionalBindableProperty.swift */ = {isa = PBXFileReference; fileEncoding = 4; lastKnownFileType = sourcecode.swift; path = BidirectionalBindableProperty.swift; sourceTree = "<group>"; };
		4F6637C325C5C5FD00473132 /* SubscriptionOptions.swift */ = {isa = PBXFileReference; fileEncoding = 4; lastKnownFileType = sourcecode.swift; path = SubscriptionOptions.swift; sourceTree = "<group>"; };
		4F6637C425C5C5FD00473132 /* Subscribable+Array.swift */ = {isa = PBXFileReference; fileEncoding = 4; lastKnownFileType = sourcecode.swift; path = "Subscribable+Array.swift"; sourceTree = "<group>"; };
		4F6637C525C5C5FD00473132 /* DisposableBag.swift */ = {isa = PBXFileReference; fileEncoding = 4; lastKnownFileType = sourcecode.swift; path = DisposableBag.swift; sourceTree = "<group>"; };
		4F6637C625C5C5FD00473132 /* BindingHandlers.swift */ = {isa = PBXFileReference; fileEncoding = 4; lastKnownFileType = sourcecode.swift; path = BindingHandlers.swift; sourceTree = "<group>"; };
		4F6637C725C5C5FD00473132 /* WritableComputed.swift */ = {isa = PBXFileReference; fileEncoding = 4; lastKnownFileType = sourcecode.swift; path = WritableComputed.swift; sourceTree = "<group>"; };
		4F6637C825C5C5FD00473132 /* Event.swift */ = {isa = PBXFileReference; fileEncoding = 4; lastKnownFileType = sourcecode.swift; path = Event.swift; sourceTree = "<group>"; };
		4F6637CA25C5C5FD00473132 /* UIRefreshControl+Binding.swift */ = {isa = PBXFileReference; fileEncoding = 4; lastKnownFileType = sourcecode.swift; path = "UIRefreshControl+Binding.swift"; sourceTree = "<group>"; };
		4F6637CB25C5C5FD00473132 /* UITextField+Binding.swift */ = {isa = PBXFileReference; fileEncoding = 4; lastKnownFileType = sourcecode.swift; path = "UITextField+Binding.swift"; sourceTree = "<group>"; };
		4F6637CC25C5C5FD00473132 /* UIAlertAction+Binding.swift */ = {isa = PBXFileReference; fileEncoding = 4; lastKnownFileType = sourcecode.swift; path = "UIAlertAction+Binding.swift"; sourceTree = "<group>"; };
		4F6637CD25C5C5FD00473132 /* UIView+Binding.swift */ = {isa = PBXFileReference; fileEncoding = 4; lastKnownFileType = sourcecode.swift; path = "UIView+Binding.swift"; sourceTree = "<group>"; };
		4F6637CE25C5C5FD00473132 /* CollectionViewDataSource.swift */ = {isa = PBXFileReference; fileEncoding = 4; lastKnownFileType = sourcecode.swift; path = CollectionViewDataSource.swift; sourceTree = "<group>"; };
		4F6637CF25C5C5FD00473132 /* UIImageView+Binding.swift */ = {isa = PBXFileReference; fileEncoding = 4; lastKnownFileType = sourcecode.swift; path = "UIImageView+Binding.swift"; sourceTree = "<group>"; };
		4F6637D025C5C5FD00473132 /* UIBarButtonItem+Binding.swift */ = {isa = PBXFileReference; fileEncoding = 4; lastKnownFileType = sourcecode.swift; path = "UIBarButtonItem+Binding.swift"; sourceTree = "<group>"; };
		4F6637D125C5C5FD00473132 /* UITableViewCell+Binding.swift */ = {isa = PBXFileReference; fileEncoding = 4; lastKnownFileType = sourcecode.swift; path = "UITableViewCell+Binding.swift"; sourceTree = "<group>"; };
		4F6637D225C5C5FD00473132 /* TableViewDataSource.swift */ = {isa = PBXFileReference; fileEncoding = 4; lastKnownFileType = sourcecode.swift; path = TableViewDataSource.swift; sourceTree = "<group>"; };
		4F6637D325C5C5FD00473132 /* UISegmentedControl+Binding.swift */ = {isa = PBXFileReference; fileEncoding = 4; lastKnownFileType = sourcecode.swift; path = "UISegmentedControl+Binding.swift"; sourceTree = "<group>"; };
		4F6637D425C5C5FD00473132 /* UICollectionView+Binding.swift */ = {isa = PBXFileReference; fileEncoding = 4; lastKnownFileType = sourcecode.swift; path = "UICollectionView+Binding.swift"; sourceTree = "<group>"; };
		4F6637D525C5C5FD00473132 /* UIDatePicker+Binding.swift */ = {isa = PBXFileReference; fileEncoding = 4; lastKnownFileType = sourcecode.swift; path = "UIDatePicker+Binding.swift"; sourceTree = "<group>"; };
		4F6637D625C5C5FD00473132 /* UIActivityIndicatorView+Binding.swift */ = {isa = PBXFileReference; fileEncoding = 4; lastKnownFileType = sourcecode.swift; path = "UIActivityIndicatorView+Binding.swift"; sourceTree = "<group>"; };
		4F6637D725C5C5FD00473132 /* UISwitch+Binding.swift */ = {isa = PBXFileReference; fileEncoding = 4; lastKnownFileType = sourcecode.swift; path = "UISwitch+Binding.swift"; sourceTree = "<group>"; };
		4F6637D825C5C5FD00473132 /* AssociatedObjects.swift */ = {isa = PBXFileReference; fileEncoding = 4; lastKnownFileType = sourcecode.swift; path = AssociatedObjects.swift; sourceTree = "<group>"; };
		4F6637D925C5C5FD00473132 /* UIButton+Binding.swift */ = {isa = PBXFileReference; fileEncoding = 4; lastKnownFileType = sourcecode.swift; path = "UIButton+Binding.swift"; sourceTree = "<group>"; };
		4F6637DA25C5C5FD00473132 /* UILabel+Binding.swift */ = {isa = PBXFileReference; fileEncoding = 4; lastKnownFileType = sourcecode.swift; path = "UILabel+Binding.swift"; sourceTree = "<group>"; };
		4F6637DC25C5C5FD00473132 /* LoadImageManagerType.swift */ = {isa = PBXFileReference; fileEncoding = 4; lastKnownFileType = sourcecode.swift; path = LoadImageManagerType.swift; sourceTree = "<group>"; };
		4F6637DD25C5C5FD00473132 /* LoadImageBindingHandler.swift */ = {isa = PBXFileReference; fileEncoding = 4; lastKnownFileType = sourcecode.swift; path = LoadImageBindingHandler.swift; sourceTree = "<group>"; };
		4F6637DE25C5C5FD00473132 /* LoadImageManager.swift */ = {isa = PBXFileReference; fileEncoding = 4; lastKnownFileType = sourcecode.swift; path = LoadImageManager.swift; sourceTree = "<group>"; };
		4F6637DF25C5C5FD00473132 /* UIPageControl+Binding.swift */ = {isa = PBXFileReference; fileEncoding = 4; lastKnownFileType = sourcecode.swift; path = "UIPageControl+Binding.swift"; sourceTree = "<group>"; };
		4F6637E025C5C5FD00473132 /* DataSource.swift */ = {isa = PBXFileReference; fileEncoding = 4; lastKnownFileType = sourcecode.swift; path = DataSource.swift; sourceTree = "<group>"; };
		4F6637E125C5C5FD00473132 /* UISlider+Binding.swift */ = {isa = PBXFileReference; fileEncoding = 4; lastKnownFileType = sourcecode.swift; path = "UISlider+Binding.swift"; sourceTree = "<group>"; };
		4F6637E225C5C5FD00473132 /* UIBarItem+Binding.swift */ = {isa = PBXFileReference; fileEncoding = 4; lastKnownFileType = sourcecode.swift; path = "UIBarItem+Binding.swift"; sourceTree = "<group>"; };
		4F6637E325C5C5FD00473132 /* NSLayoutConstraint+Binding.swift */ = {isa = PBXFileReference; fileEncoding = 4; lastKnownFileType = sourcecode.swift; path = "NSLayoutConstraint+Binding.swift"; sourceTree = "<group>"; };
		4F6637E425C5C5FD00473132 /* UISearchBar+Binding.swift */ = {isa = PBXFileReference; fileEncoding = 4; lastKnownFileType = sourcecode.swift; path = "UISearchBar+Binding.swift"; sourceTree = "<group>"; };
		4F6637E525C5C5FD00473132 /* UIControl+Binding.swift */ = {isa = PBXFileReference; fileEncoding = 4; lastKnownFileType = sourcecode.swift; path = "UIControl+Binding.swift"; sourceTree = "<group>"; };
		4F6637E625C5C5FD00473132 /* TargetActionBindableProperty.swift */ = {isa = PBXFileReference; fileEncoding = 4; lastKnownFileType = sourcecode.swift; path = TargetActionBindableProperty.swift; sourceTree = "<group>"; };
		4F6637E725C5C5FD00473132 /* UITableView+Binding.swift */ = {isa = PBXFileReference; fileEncoding = 4; lastKnownFileType = sourcecode.swift; path = "UITableView+Binding.swift"; sourceTree = "<group>"; };
		4F6637E825C5C5FD00473132 /* AnySubscribable.swift */ = {isa = PBXFileReference; fileEncoding = 4; lastKnownFileType = sourcecode.swift; path = AnySubscribable.swift; sourceTree = "<group>"; };
		4F6637E925C5C5FD00473132 /* ThrottleBindingHandler.swift */ = {isa = PBXFileReference; fileEncoding = 4; lastKnownFileType = sourcecode.swift; path = ThrottleBindingHandler.swift; sourceTree = "<group>"; };
		4F6637EA25C5C5FD00473132 /* BindableProperty.swift */ = {isa = PBXFileReference; fileEncoding = 4; lastKnownFileType = sourcecode.swift; path = BindableProperty.swift; sourceTree = "<group>"; };
		4F6637EB25C5C5FD00473132 /* ViewModel.swift */ = {isa = PBXFileReference; fileEncoding = 4; lastKnownFileType = sourcecode.swift; path = ViewModel.swift; sourceTree = "<group>"; };
		4F6637EC25C5C5FD00473132 /* Computed.swift */ = {isa = PBXFileReference; fileEncoding = 4; lastKnownFileType = sourcecode.swift; path = Computed.swift; sourceTree = "<group>"; };
		4F6637ED25C5C5FD00473132 /* Disposable.swift */ = {isa = PBXFileReference; fileEncoding = 4; lastKnownFileType = sourcecode.swift; path = Disposable.swift; sourceTree = "<group>"; };
		4F6637EE25C5C5FD00473132 /* Operators.swift */ = {isa = PBXFileReference; fileEncoding = 4; lastKnownFileType = sourcecode.swift; path = Operators.swift; sourceTree = "<group>"; };
		4F6637EF25C5C5FD00473132 /* Subscribable.swift */ = {isa = PBXFileReference; fileEncoding = 4; lastKnownFileType = sourcecode.swift; path = Subscribable.swift; sourceTree = "<group>"; };
		4F6637F025C5C5FD00473132 /* ComposedBindingHandler.swift */ = {isa = PBXFileReference; fileEncoding = 4; lastKnownFileType = sourcecode.swift; path = ComposedBindingHandler.swift; sourceTree = "<group>"; };
		4F6637F125C5C5FD00473132 /* DefaultBindingHandler.swift */ = {isa = PBXFileReference; fileEncoding = 4; lastKnownFileType = sourcecode.swift; path = DefaultBindingHandler.swift; sourceTree = "<group>"; };
		4F6637F325C5C5FD00473132 /* DispatchSource+Fisticuffs.swift */ = {isa = PBXFileReference; fileEncoding = 4; lastKnownFileType = sourcecode.swift; path = "DispatchSource+Fisticuffs.swift"; sourceTree = "<group>"; };
		4F6637F425C5C5FD00473132 /* NSLocking+Fisticuffs.swift */ = {isa = PBXFileReference; fileEncoding = 4; lastKnownFileType = sourcecode.swift; path = "NSLocking+Fisticuffs.swift"; sourceTree = "<group>"; };
		4F6637F525C5C5FD00473132 /* Fisticuffs.h */ = {isa = PBXFileReference; fileEncoding = 4; lastKnownFileType = sourcecode.c.h; path = Fisticuffs.h; sourceTree = "<group>"; };
		4F6637F625C5C5FD00473132 /* OptionalType.swift */ = {isa = PBXFileReference; fileEncoding = 4; lastKnownFileType = sourcecode.swift; path = OptionalType.swift; sourceTree = "<group>"; };
		4F6637F725C5C5FD00473132 /* Fisticuffs.swift */ = {isa = PBXFileReference; fileEncoding = 4; lastKnownFileType = sourcecode.swift; path = Fisticuffs.swift; sourceTree = "<group>"; };
		4F6637F925C5C5FD00473132 /* DisposableBlock.swift */ = {isa = PBXFileReference; fileEncoding = 4; lastKnownFileType = sourcecode.swift; path = DisposableBlock.swift; sourceTree = "<group>"; };
		4F6637FA25C5C5FD00473132 /* DependencyTracker.swift */ = {isa = PBXFileReference; fileEncoding = 4; lastKnownFileType = sourcecode.swift; path = DependencyTracker.swift; sourceTree = "<group>"; };
		4F6637FB25C5C5FD00473132 /* OptionalTypeBindingHandler.swift */ = {isa = PBXFileReference; fileEncoding = 4; lastKnownFileType = sourcecode.swift; path = OptionalTypeBindingHandler.swift; sourceTree = "<group>"; };
		4F6637FC25C5C5FD00473132 /* BindingHandler.swift */ = {isa = PBXFileReference; fileEncoding = 4; lastKnownFileType = sourcecode.swift; path = BindingHandler.swift; sourceTree = "<group>"; };
		4F6637FD25C5C5FD00473132 /* TransformBindingHandler.swift */ = {isa = PBXFileReference; fileEncoding = 4; lastKnownFileType = sourcecode.swift; path = TransformBindingHandler.swift; sourceTree = "<group>"; };
		4F6637FE25C5C5FD00473132 /* Info.plist */ = {isa = PBXFileReference; fileEncoding = 4; lastKnownFileType = text.plist.xml; path = Info.plist; sourceTree = "<group>"; };
		4F6637FF25C5C5FD00473132 /* ComputedBindingHandler.swift */ = {isa = PBXFileReference; fileEncoding = 4; lastKnownFileType = sourcecode.swift; path = ComputedBindingHandler.swift; sourceTree = "<group>"; };
		4F66384325C5C66000473132 /* DisposableBagSpec.swift */ = {isa = PBXFileReference; fileEncoding = 4; lastKnownFileType = sourcecode.swift; path = DisposableBagSpec.swift; sourceTree = "<group>"; };
		4F66384425C5C66000473132 /* MemoryManagementSpec.swift */ = {isa = PBXFileReference; fileEncoding = 4; lastKnownFileType = sourcecode.swift; path = MemoryManagementSpec.swift; sourceTree = "<group>"; };
		4F66384525C5C66000473132 /* UIKitBindingSpec.swift */ = {isa = PBXFileReference; fileEncoding = 4; lastKnownFileType = sourcecode.swift; path = UIKitBindingSpec.swift; sourceTree = "<group>"; };
		4F66384725C5C66000473132 /* WritableComputedSpec.swift */ = {isa = PBXFileReference; fileEncoding = 4; lastKnownFileType = sourcecode.swift; path = WritableComputedSpec.swift; sourceTree = "<group>"; };
		4F66384825C5C66000473132 /* DependencyTrackerSpec.swift */ = {isa = PBXFileReference; fileEncoding = 4; lastKnownFileType = sourcecode.swift; path = DependencyTrackerSpec.swift; sourceTree = "<group>"; };
		4F66384925C5C66000473132 /* EventSpec.swift */ = {isa = PBXFileReference; fileEncoding = 4; lastKnownFileType = sourcecode.swift; path = EventSpec.swift; sourceTree = "<group>"; };
		4F66384A25C5C66000473132 /* DataSourceSpec.swift */ = {isa = PBXFileReference; fileEncoding = 4; lastKnownFileType = sourcecode.swift; path = DataSourceSpec.swift; sourceTree = "<group>"; };
		4F66384B25C5C66000473132 /* BindingSpec.swift */ = {isa = PBXFileReference; fileEncoding = 4; lastKnownFileType = sourcecode.swift; path = BindingSpec.swift; sourceTree = "<group>"; };
		4F66384C25C5C66000473132 /* BidirectionalBindingSpec.swift */ = {isa = PBXFileReference; fileEncoding = 4; lastKnownFileType = sourcecode.swift; path = BidirectionalBindingSpec.swift; sourceTree = "<group>"; };
		4F66384D25C5C66000473132 /* OperatorsSpec.swift */ = {isa = PBXFileReference; fileEncoding = 4; lastKnownFileType = sourcecode.swift; path = OperatorsSpec.swift; sourceTree = "<group>"; };
		4F66384E25C5C66000473132 /* BindingHandlersSpec.swift */ = {isa = PBXFileReference; fileEncoding = 4; lastKnownFileType = sourcecode.swift; path = BindingHandlersSpec.swift; sourceTree = "<group>"; };
		4F66384F25C5C66000473132 /* AnySubscribableSpec.swift */ = {isa = PBXFileReference; fileEncoding = 4; lastKnownFileType = sourcecode.swift; path = AnySubscribableSpec.swift; sourceTree = "<group>"; };
		4F66385025C5C66000473132 /* Info.plist */ = {isa = PBXFileReference; fileEncoding = 4; lastKnownFileType = text.plist.xml; path = Info.plist; sourceTree = "<group>"; };
		4F66385125C5C66000473132 /* ComputedSpec.swift */ = {isa = PBXFileReference; fileEncoding = 4; lastKnownFileType = sourcecode.swift; path = ComputedSpec.swift; sourceTree = "<group>"; };
		6A09EEEA1BFB80E6005C2B81 /* Fisticuffs.framework */ = {isa = PBXFileReference; explicitFileType = wrapper.framework; includeInIndex = 0; path = Fisticuffs.framework; sourceTree = BUILT_PRODUCTS_DIR; };
		6A09EEF41BFB80E6005C2B81 /* FisticuffsTests.xctest */ = {isa = PBXFileReference; explicitFileType = wrapper.cfbundle; includeInIndex = 0; path = FisticuffsTests.xctest; sourceTree = BUILT_PRODUCTS_DIR; };
		6A09F1861BFB8C50005C2B81 /* Samples.app */ = {isa = PBXFileReference; explicitFileType = wrapper.application; includeInIndex = 0; path = Samples.app; sourceTree = BUILT_PRODUCTS_DIR; };
		6A09F1881BFB8C50005C2B81 /* AppDelegate.swift */ = {isa = PBXFileReference; lastKnownFileType = sourcecode.swift; path = AppDelegate.swift; sourceTree = "<group>"; };
		6A09F18D1BFB8C50005C2B81 /* Base */ = {isa = PBXFileReference; lastKnownFileType = file.storyboard; name = Base; path = Base.lproj/Main.storyboard; sourceTree = "<group>"; };
		6A09F18F1BFB8C50005C2B81 /* Assets.xcassets */ = {isa = PBXFileReference; lastKnownFileType = folder.assetcatalog; path = Assets.xcassets; sourceTree = "<group>"; };
		6A09F1921BFB8C50005C2B81 /* Base */ = {isa = PBXFileReference; lastKnownFileType = file.storyboard; name = Base; path = Base.lproj/LaunchScreen.storyboard; sourceTree = "<group>"; };
		6A09F1941BFB8C50005C2B81 /* Info.plist */ = {isa = PBXFileReference; lastKnownFileType = text.plist.xml; path = Info.plist; sourceTree = "<group>"; };
		6A1DB75A1BFE7DCB003817D9 /* TextFieldSample.swift */ = {isa = PBXFileReference; fileEncoding = 4; lastKnownFileType = sourcecode.swift; path = TextFieldSample.swift; sourceTree = "<group>"; };
		6A6B3BD71BFD33CF00B825DB /* TableViewSampleController.swift */ = {isa = PBXFileReference; fileEncoding = 4; lastKnownFileType = sourcecode.swift; path = TableViewSampleController.swift; sourceTree = "<group>"; };
		6A6B3BDA1BFE1D4A00B825DB /* CollectionViewSample.swift */ = {isa = PBXFileReference; fileEncoding = 4; lastKnownFileType = sourcecode.swift; path = CollectionViewSample.swift; sourceTree = "<group>"; };
		6A6B3BF11BFE32F700B825DB /* ControlsSample.swift */ = {isa = PBXFileReference; fileEncoding = 4; lastKnownFileType = sourcecode.swift; path = ControlsSample.swift; sourceTree = "<group>"; };
		6A6E14C31C751925003F4EC6 /* ImageViewSample.swift */ = {isa = PBXFileReference; fileEncoding = 4; lastKnownFileType = sourcecode.swift; path = ImageViewSample.swift; sourceTree = "<group>"; };
		A45F9F412AC5E80E00D9338D /* CurrentValueSubscribableSpec.swift */ = {isa = PBXFileReference; fileEncoding = 4; lastKnownFileType = sourcecode.swift; path = CurrentValueSubscribableSpec.swift; sourceTree = "<group>"; };
		A45F9F422AC5E80E00D9338D /* CurrentValueSubscribableArraySpec.swift */ = {isa = PBXFileReference; fileEncoding = 4; lastKnownFileType = sourcecode.swift; path = CurrentValueSubscribableArraySpec.swift; sourceTree = "<group>"; };
		A45F9F452AC5E84300D9338D /* CurrentValueSubscribable.swift */ = {isa = PBXFileReference; fileEncoding = 4; lastKnownFileType = sourcecode.swift; path = CurrentValueSubscribable.swift; sourceTree = "<group>"; };
		C689E1AE2622606100B66BDD /* Scheduler.swift */ = {isa = PBXFileReference; lastKnownFileType = sourcecode.swift; path = Scheduler.swift; sourceTree = "<group>"; };
		C689E1B22622609500B66BDD /* DispatchQueue+Scheduler.swift */ = {isa = PBXFileReference; lastKnownFileType = sourcecode.swift; path = "DispatchQueue+Scheduler.swift"; sourceTree = "<group>"; };
		C689E1B6262260B300B66BDD /* OperationQueue+Scheduler.swift */ = {isa = PBXFileReference; lastKnownFileType = sourcecode.swift; path = "OperationQueue+Scheduler.swift"; sourceTree = "<group>"; };
		C689E1BA262260BB00B66BDD /* DefaultScheduler.swift */ = {isa = PBXFileReference; lastKnownFileType = sourcecode.swift; path = DefaultScheduler.swift; sourceTree = "<group>"; };
		C689E1BE262260C400B66BDD /* RunLoop+Scheduler.swift */ = {isa = PBXFileReference; lastKnownFileType = sourcecode.swift; path = "RunLoop+Scheduler.swift"; sourceTree = "<group>"; };
		C6D3A4CD2624F0E00090790A /* SchedulersSpec.swift */ = {isa = PBXFileReference; lastKnownFileType = sourcecode.swift; path = SchedulersSpec.swift; sourceTree = "<group>"; };
		C6D3A4D12624F5B60090790A /* SubscribableSpec.swift */ = {isa = PBXFileReference; lastKnownFileType = sourcecode.swift; path = SubscribableSpec.swift; sourceTree = "<group>"; };
		C6D3A4ED2626519E0090790A /* MainThreadScheduler.swift */ = {isa = PBXFileReference; lastKnownFileType = sourcecode.swift; path = MainThreadScheduler.swift; sourceTree = "<group>"; };
/* End PBXFileReference section */

/* Begin PBXFrameworksBuildPhase section */
		6A09EEE61BFB80E6005C2B81 /* Frameworks */ = {
			isa = PBXFrameworksBuildPhase;
			buildActionMask = 2147483647;
			files = (
			);
			runOnlyForDeploymentPostprocessing = 0;
		};
		6A09EEF11BFB80E6005C2B81 /* Frameworks */ = {
			isa = PBXFrameworksBuildPhase;
			buildActionMask = 2147483647;
			files = (
				4F66386D25C5C6BE00473132 /* Nimble in Frameworks */,
				4F66386825C5C6A000473132 /* Quick in Frameworks */,
				6A09EEF51BFB80E6005C2B81 /* Fisticuffs.framework in Frameworks */,
			);
			runOnlyForDeploymentPostprocessing = 0;
		};
		6A09F1831BFB8C50005C2B81 /* Frameworks */ = {
			isa = PBXFrameworksBuildPhase;
			buildActionMask = 2147483647;
			files = (
				6A1DB75C1BFFBD96003817D9 /* Fisticuffs.framework in Frameworks */,
			);
			runOnlyForDeploymentPostprocessing = 0;
		};
/* End PBXFrameworksBuildPhase section */

/* Begin PBXGroup section */
		4F6637C025C5C5FD00473132 /* Fisticuffs */ = {
			isa = PBXGroup;
			children = (
				4F6637E825C5C5FD00473132 /* AnySubscribable.swift */,
				4F6637C225C5C5FD00473132 /* BidirectionalBindableProperty.swift */,
				4F6637EA25C5C5FD00473132 /* BindableProperty.swift */,
				4F6637FC25C5C5FD00473132 /* BindingHandler.swift */,
				4F6637C625C5C5FD00473132 /* BindingHandlers.swift */,
				4F6637F025C5C5FD00473132 /* ComposedBindingHandler.swift */,
				4F6637EC25C5C5FD00473132 /* Computed.swift */,
				4F6637FF25C5C5FD00473132 /* ComputedBindingHandler.swift */,
				A45F9F452AC5E84300D9338D /* CurrentValueSubscribable.swift */,
				4F6637F125C5C5FD00473132 /* DefaultBindingHandler.swift */,
				4F6637FA25C5C5FD00473132 /* DependencyTracker.swift */,
				4F6637ED25C5C5FD00473132 /* Disposable.swift */,
				4F6637C525C5C5FD00473132 /* DisposableBag.swift */,
				4F6637F925C5C5FD00473132 /* DisposableBlock.swift */,
				4F6637C825C5C5FD00473132 /* Event.swift */,
				4F6637F525C5C5FD00473132 /* Fisticuffs.h */,
				4F6637F725C5C5FD00473132 /* Fisticuffs.swift */,
				4F6637FE25C5C5FD00473132 /* Info.plist */,
				4F6637EE25C5C5FD00473132 /* Operators.swift */,
				4F6637F625C5C5FD00473132 /* OptionalType.swift */,
				4F6637FB25C5C5FD00473132 /* OptionalTypeBindingHandler.swift */,
				C689E1C2262260CB00B66BDD /* Scheduler */,
				4F6637EF25C5C5FD00473132 /* Subscribable.swift */,
				4F6637C425C5C5FD00473132 /* Subscribable+Array.swift */,
				4F6637C125C5C5FD00473132 /* SubscriptionCollection.swift */,
				4F6637C325C5C5FD00473132 /* SubscriptionOptions.swift */,
				4F6637F225C5C5FD00473132 /* Support */,
				4F6637E925C5C5FD00473132 /* ThrottleBindingHandler.swift */,
				4F6637FD25C5C5FD00473132 /* TransformBindingHandler.swift */,
				4F6637C925C5C5FD00473132 /* UIKit */,
				4F6637EB25C5C5FD00473132 /* ViewModel.swift */,
				4F6637C725C5C5FD00473132 /* WritableComputed.swift */,
			);
			path = Fisticuffs;
			sourceTree = "<group>";
		};
		4F6637C925C5C5FD00473132 /* UIKit */ = {
			isa = PBXGroup;
			children = (
				4F6637CA25C5C5FD00473132 /* UIRefreshControl+Binding.swift */,
				4F6637CB25C5C5FD00473132 /* UITextField+Binding.swift */,
				4F6637CC25C5C5FD00473132 /* UIAlertAction+Binding.swift */,
				4F6637CD25C5C5FD00473132 /* UIView+Binding.swift */,
				4F6637CE25C5C5FD00473132 /* CollectionViewDataSource.swift */,
				4F6637CF25C5C5FD00473132 /* UIImageView+Binding.swift */,
				4F6637D025C5C5FD00473132 /* UIBarButtonItem+Binding.swift */,
				4F6637D125C5C5FD00473132 /* UITableViewCell+Binding.swift */,
				4F6637D225C5C5FD00473132 /* TableViewDataSource.swift */,
				4F6637D325C5C5FD00473132 /* UISegmentedControl+Binding.swift */,
				4F6637D425C5C5FD00473132 /* UICollectionView+Binding.swift */,
				4F6637D525C5C5FD00473132 /* UIDatePicker+Binding.swift */,
				4F6637D625C5C5FD00473132 /* UIActivityIndicatorView+Binding.swift */,
				4F6637D725C5C5FD00473132 /* UISwitch+Binding.swift */,
				4F6637D825C5C5FD00473132 /* AssociatedObjects.swift */,
				4F6637D925C5C5FD00473132 /* UIButton+Binding.swift */,
				4F6637DA25C5C5FD00473132 /* UILabel+Binding.swift */,
				4F6637DB25C5C5FD00473132 /* ImageLoading */,
				4F6637DF25C5C5FD00473132 /* UIPageControl+Binding.swift */,
				4F6637E025C5C5FD00473132 /* DataSource.swift */,
				4F6637E125C5C5FD00473132 /* UISlider+Binding.swift */,
				4F6637E225C5C5FD00473132 /* UIBarItem+Binding.swift */,
				4F6637E325C5C5FD00473132 /* NSLayoutConstraint+Binding.swift */,
				4F6637E425C5C5FD00473132 /* UISearchBar+Binding.swift */,
				4F6637E525C5C5FD00473132 /* UIControl+Binding.swift */,
				4F6637E625C5C5FD00473132 /* TargetActionBindableProperty.swift */,
				4F6637E725C5C5FD00473132 /* UITableView+Binding.swift */,
			);
			path = UIKit;
			sourceTree = "<group>";
		};
		4F6637DB25C5C5FD00473132 /* ImageLoading */ = {
			isa = PBXGroup;
			children = (
				4F6637DC25C5C5FD00473132 /* LoadImageManagerType.swift */,
				4F6637DD25C5C5FD00473132 /* LoadImageBindingHandler.swift */,
				4F6637DE25C5C5FD00473132 /* LoadImageManager.swift */,
			);
			path = ImageLoading;
			sourceTree = "<group>";
		};
		4F6637F225C5C5FD00473132 /* Support */ = {
			isa = PBXGroup;
			children = (
				4F6637F325C5C5FD00473132 /* DispatchSource+Fisticuffs.swift */,
				4F6637F425C5C5FD00473132 /* NSLocking+Fisticuffs.swift */,
			);
			path = Support;
			sourceTree = "<group>";
		};
		4F66384025C5C66000473132 /* Tests */ = {
			isa = PBXGroup;
			children = (
				4F66384125C5C66000473132 /* FisticuffsTests */,
			);
			path = Tests;
			sourceTree = "<group>";
		};
		4F66384125C5C66000473132 /* FisticuffsTests */ = {
			isa = PBXGroup;
			children = (
				4F66384F25C5C66000473132 /* AnySubscribableSpec.swift */,
				4F66384C25C5C66000473132 /* BidirectionalBindingSpec.swift */,
				4F66384E25C5C66000473132 /* BindingHandlersSpec.swift */,
				4F66384B25C5C66000473132 /* BindingSpec.swift */,
				4F66385125C5C66000473132 /* ComputedSpec.swift */,
				A45F9F422AC5E80E00D9338D /* CurrentValueSubscribableArraySpec.swift */,
				A45F9F412AC5E80E00D9338D /* CurrentValueSubscribableSpec.swift */,
				4F66384A25C5C66000473132 /* DataSourceSpec.swift */,
				4F66384825C5C66000473132 /* DependencyTrackerSpec.swift */,
				4F66384325C5C66000473132 /* DisposableBagSpec.swift */,
				4F66384925C5C66000473132 /* EventSpec.swift */,
				4F66385025C5C66000473132 /* Info.plist */,
				4F66384425C5C66000473132 /* MemoryManagementSpec.swift */,
				4F66384D25C5C66000473132 /* OperatorsSpec.swift */,
				C6D3A4CD2624F0E00090790A /* SchedulersSpec.swift */,
				C6D3A4D12624F5B60090790A /* SubscribableSpec.swift */,
				4F66384525C5C66000473132 /* UIKitBindingSpec.swift */,
				4F66384725C5C66000473132 /* WritableComputedSpec.swift */,
			);
			path = FisticuffsTests;
			sourceTree = "<group>";
		};
		6A09EEE01BFB80E6005C2B81 = {
			isa = PBXGroup;
			children = (
				4F66384025C5C66000473132 /* Tests */,
				6A09EF041BFB816D005C2B81 /* Sources */,
				6A09F1871BFB8C50005C2B81 /* Samples */,
				6A09EEEB1BFB80E6005C2B81 /* Products */,
			);
			sourceTree = "<group>";
		};
		6A09EEEB1BFB80E6005C2B81 /* Products */ = {
			isa = PBXGroup;
			children = (
				6A09EEEA1BFB80E6005C2B81 /* Fisticuffs.framework */,
				6A09EEF41BFB80E6005C2B81 /* FisticuffsTests.xctest */,
				6A09F1861BFB8C50005C2B81 /* Samples.app */,
			);
			name = Products;
			sourceTree = "<group>";
		};
		6A09EF041BFB816D005C2B81 /* Sources */ = {
			isa = PBXGroup;
			children = (
				4F6637C025C5C5FD00473132 /* Fisticuffs */,
			);
			path = Sources;
			sourceTree = "<group>";
		};
		6A09F1871BFB8C50005C2B81 /* Samples */ = {
			isa = PBXGroup;
			children = (
				6A09F1881BFB8C50005C2B81 /* AppDelegate.swift */,
				6A09F18C1BFB8C50005C2B81 /* Main.storyboard */,
				6A09F18F1BFB8C50005C2B81 /* Assets.xcassets */,
				6A09F1911BFB8C50005C2B81 /* LaunchScreen.storyboard */,
				6A09F1941BFB8C50005C2B81 /* Info.plist */,
				6A6B3BD71BFD33CF00B825DB /* TableViewSampleController.swift */,
				6A6B3BDA1BFE1D4A00B825DB /* CollectionViewSample.swift */,
				6A6B3BF11BFE32F700B825DB /* ControlsSample.swift */,
				6A1DB75A1BFE7DCB003817D9 /* TextFieldSample.swift */,
				6A6E14C31C751925003F4EC6 /* ImageViewSample.swift */,
			);
			path = Samples;
			sourceTree = "<group>";
		};
		C689E1C2262260CB00B66BDD /* Scheduler */ = {
			isa = PBXGroup;
			children = (
				C689E1AE2622606100B66BDD /* Scheduler.swift */,
				C689E1BA262260BB00B66BDD /* DefaultScheduler.swift */,
				C6D3A4ED2626519E0090790A /* MainThreadScheduler.swift */,
				C689E1B22622609500B66BDD /* DispatchQueue+Scheduler.swift */,
				C689E1B6262260B300B66BDD /* OperationQueue+Scheduler.swift */,
				C689E1BE262260C400B66BDD /* RunLoop+Scheduler.swift */,
			);
			path = Scheduler;
			sourceTree = "<group>";
		};
/* End PBXGroup section */

/* Begin PBXHeadersBuildPhase section */
		6A09EEE71BFB80E6005C2B81 /* Headers */ = {
			isa = PBXHeadersBuildPhase;
			buildActionMask = 2147483647;
			files = (
				4F66383125C5C5FD00473132 /* Fisticuffs.h in Headers */,
			);
			runOnlyForDeploymentPostprocessing = 0;
		};
/* End PBXHeadersBuildPhase section */

/* Begin PBXNativeTarget section */
		6A09EEE91BFB80E6005C2B81 /* Fisticuffs */ = {
			isa = PBXNativeTarget;
			buildConfigurationList = 6A09EEFE1BFB80E6005C2B81 /* Build configuration list for PBXNativeTarget "Fisticuffs" */;
			buildPhases = (
				6A09EEE51BFB80E6005C2B81 /* Sources */,
				6A09EEE61BFB80E6005C2B81 /* Frameworks */,
				6A09EEE71BFB80E6005C2B81 /* Headers */,
				6A09EEE81BFB80E6005C2B81 /* Resources */,
			);
			buildRules = (
			);
			dependencies = (
			);
			name = Fisticuffs;
			productName = Fisticuffs;
			productReference = 6A09EEEA1BFB80E6005C2B81 /* Fisticuffs.framework */;
			productType = "com.apple.product-type.framework";
		};
		6A09EEF31BFB80E6005C2B81 /* FisticuffsTests */ = {
			isa = PBXNativeTarget;
			buildConfigurationList = 6A09EF011BFB80E6005C2B81 /* Build configuration list for PBXNativeTarget "FisticuffsTests" */;
			buildPhases = (
				6A09EEF01BFB80E6005C2B81 /* Sources */,
				6A09EEF11BFB80E6005C2B81 /* Frameworks */,
				6A09EEF21BFB80E6005C2B81 /* Resources */,
			);
			buildRules = (
			);
			dependencies = (
				6A09EEF71BFB80E6005C2B81 /* PBXTargetDependency */,
				6A09F1A81BFB8C71005C2B81 /* PBXTargetDependency */,
			);
			name = FisticuffsTests;
			packageProductDependencies = (
				4F66386725C5C6A000473132 /* Quick */,
				4F66386C25C5C6BE00473132 /* Nimble */,
			);
			productName = FisticuffsTests;
			productReference = 6A09EEF41BFB80E6005C2B81 /* FisticuffsTests.xctest */;
			productType = "com.apple.product-type.bundle.unit-test";
		};
		6A09F1851BFB8C50005C2B81 /* Samples */ = {
			isa = PBXNativeTarget;
			buildConfigurationList = 6A09F1A61BFB8C50005C2B81 /* Build configuration list for PBXNativeTarget "Samples" */;
			buildPhases = (
				6A09F1821BFB8C50005C2B81 /* Sources */,
				6A09F1831BFB8C50005C2B81 /* Frameworks */,
				6A09F1841BFB8C50005C2B81 /* Resources */,
				6A1DB7601BFFBD97003817D9 /* Embed Frameworks */,
			);
			buildRules = (
			);
			dependencies = (
				6A1DB75F1BFFBD96003817D9 /* PBXTargetDependency */,
			);
			name = Samples;
			productName = Samples;
			productReference = 6A09F1861BFB8C50005C2B81 /* Samples.app */;
			productType = "com.apple.product-type.application";
		};
/* End PBXNativeTarget section */

/* Begin PBXProject section */
		6A09EEE11BFB80E6005C2B81 /* Project object */ = {
			isa = PBXProject;
			attributes = {
				BuildIndependentTargetsInParallel = YES;
				LastSwiftUpdateCheck = 0710;
				LastUpgradeCheck = 1430;
				ORGANIZATIONNAME = theScore;
				TargetAttributes = {
					6A09EEE91BFB80E6005C2B81 = {
						CreatedOnToolsVersion = 7.1;
						LastSwiftMigration = 1150;
					};
					6A09EEF31BFB80E6005C2B81 = {
						CreatedOnToolsVersion = 7.1;
						LastSwiftMigration = 1150;
						TestTargetID = 6A09F1851BFB8C50005C2B81;
					};
					6A09F1851BFB8C50005C2B81 = {
						CreatedOnToolsVersion = 7.1;
						LastSwiftMigration = 1150;
					};
				};
			};
			buildConfigurationList = 6A09EEE41BFB80E6005C2B81 /* Build configuration list for PBXProject "Fisticuffs" */;
			compatibilityVersion = "Xcode 14.0";
			developmentRegion = en;
			hasScannedForEncodings = 0;
			knownRegions = (
				en,
				Base,
			);
			mainGroup = 6A09EEE01BFB80E6005C2B81;
			packageReferences = (
				4F66386625C5C6A000473132 /* XCRemoteSwiftPackageReference "Quick" */,
				4F66386B25C5C6BE00473132 /* XCRemoteSwiftPackageReference "Nimble" */,
			);
			productRefGroup = 6A09EEEB1BFB80E6005C2B81 /* Products */;
			projectDirPath = "";
			projectRoot = "";
			targets = (
				6A09EEE91BFB80E6005C2B81 /* Fisticuffs */,
				6A09EEF31BFB80E6005C2B81 /* FisticuffsTests */,
				6A09F1851BFB8C50005C2B81 /* Samples */,
			);
		};
/* End PBXProject section */

/* Begin PBXResourcesBuildPhase section */
		6A09EEE81BFB80E6005C2B81 /* Resources */ = {
			isa = PBXResourcesBuildPhase;
			buildActionMask = 2147483647;
			files = (
			);
			runOnlyForDeploymentPostprocessing = 0;
		};
		6A09EEF21BFB80E6005C2B81 /* Resources */ = {
			isa = PBXResourcesBuildPhase;
			buildActionMask = 2147483647;
			files = (
			);
			runOnlyForDeploymentPostprocessing = 0;
		};
		6A09F1841BFB8C50005C2B81 /* Resources */ = {
			isa = PBXResourcesBuildPhase;
			buildActionMask = 2147483647;
			files = (
				6A09F1931BFB8C50005C2B81 /* LaunchScreen.storyboard in Resources */,
				6A09F1901BFB8C50005C2B81 /* Assets.xcassets in Resources */,
				6A09F18E1BFB8C50005C2B81 /* Main.storyboard in Resources */,
			);
			runOnlyForDeploymentPostprocessing = 0;
		};
/* End PBXResourcesBuildPhase section */

/* Begin PBXSourcesBuildPhase section */
		6A09EEE51BFB80E6005C2B81 /* Sources */ = {
			isa = PBXSourcesBuildPhase;
			buildActionMask = 2147483647;
			files = (
				4F66383825C5C5FD00473132 /* BindingHandler.swift in Sources */,
				C689E1BF262260C400B66BDD /* RunLoop+Scheduler.swift in Sources */,
				4F66383625C5C5FD00473132 /* DependencyTracker.swift in Sources */,
				4F66380725C5C5FD00473132 /* Event.swift in Sources */,
				C689E1AF2622606100B66BDD /* Scheduler.swift in Sources */,
				4F66381E25C5C5FD00473132 /* UISlider+Binding.swift in Sources */,
				4F66383525C5C5FD00473132 /* DisposableBlock.swift in Sources */,
				4F66382D25C5C5FD00473132 /* ComposedBindingHandler.swift in Sources */,
				4F66381725C5C5FD00473132 /* UIButton+Binding.swift in Sources */,
				4F66380625C5C5FD00473132 /* WritableComputed.swift in Sources */,
				4F66382A25C5C5FD00473132 /* Disposable.swift in Sources */,
				4F66381825C5C5FD00473132 /* UILabel+Binding.swift in Sources */,
				4F66383B25C5C5FD00473132 /* ComputedBindingHandler.swift in Sources */,
				4F66381025C5C5FD00473132 /* TableViewDataSource.swift in Sources */,
				4F66381C25C5C5FD00473132 /* UIPageControl+Binding.swift in Sources */,
				4F66382725C5C5FD00473132 /* BindableProperty.swift in Sources */,
				4F66380825C5C5FD00473132 /* UIRefreshControl+Binding.swift in Sources */,
				4F66380025C5C5FD00473132 /* SubscriptionCollection.swift in Sources */,
				4F66383725C5C5FD00473132 /* OptionalTypeBindingHandler.swift in Sources */,
				C689E1B32622609500B66BDD /* DispatchQueue+Scheduler.swift in Sources */,
				4F66381625C5C5FD00473132 /* AssociatedObjects.swift in Sources */,
				4F66380A25C5C5FD00473132 /* UIAlertAction+Binding.swift in Sources */,
				4F66381A25C5C5FD00473132 /* LoadImageBindingHandler.swift in Sources */,
				4F66382325C5C5FD00473132 /* TargetActionBindableProperty.swift in Sources */,
				4F66381125C5C5FD00473132 /* UISegmentedControl+Binding.swift in Sources */,
				4F66381B25C5C5FD00473132 /* LoadImageManager.swift in Sources */,
				C689E1B7262260B300B66BDD /* OperationQueue+Scheduler.swift in Sources */,
				4F66383325C5C5FD00473132 /* Fisticuffs.swift in Sources */,
				4F66382B25C5C5FD00473132 /* Operators.swift in Sources */,
				4F66382025C5C5FD00473132 /* NSLayoutConstraint+Binding.swift in Sources */,
				4F66380125C5C5FD00473132 /* BidirectionalBindableProperty.swift in Sources */,
				4F66382525C5C5FD00473132 /* AnySubscribable.swift in Sources */,
				4F66380925C5C5FD00473132 /* UITextField+Binding.swift in Sources */,
				4F66382625C5C5FD00473132 /* ThrottleBindingHandler.swift in Sources */,
				4F66382825C5C5FD00473132 /* ViewModel.swift in Sources */,
				4F66381425C5C5FD00473132 /* UIActivityIndicatorView+Binding.swift in Sources */,
				4F66380525C5C5FD00473132 /* BindingHandlers.swift in Sources */,
				4F66381225C5C5FD00473132 /* UICollectionView+Binding.swift in Sources */,
				4F66382425C5C5FD00473132 /* UITableView+Binding.swift in Sources */,
				4F66381D25C5C5FD00473132 /* DataSource.swift in Sources */,
				4F66380C25C5C5FD00473132 /* CollectionViewDataSource.swift in Sources */,
				4F66380325C5C5FD00473132 /* Subscribable+Array.swift in Sources */,
				A45F9F462AC5E84300D9338D /* CurrentValueSubscribable.swift in Sources */,
				4F66382225C5C5FD00473132 /* UIControl+Binding.swift in Sources */,
				4F66382925C5C5FD00473132 /* Computed.swift in Sources */,
				4F66380D25C5C5FD00473132 /* UIImageView+Binding.swift in Sources */,
				4F66380E25C5C5FD00473132 /* UIBarButtonItem+Binding.swift in Sources */,
				4F66382E25C5C5FD00473132 /* DefaultBindingHandler.swift in Sources */,
				C6D3A4EE2626519E0090790A /* MainThreadScheduler.swift in Sources */,
				4F66383225C5C5FD00473132 /* OptionalType.swift in Sources */,
				4F66382125C5C5FD00473132 /* UISearchBar+Binding.swift in Sources */,
				4F66380225C5C5FD00473132 /* SubscriptionOptions.swift in Sources */,
				4F66382C25C5C5FD00473132 /* Subscribable.swift in Sources */,
				C689E1BB262260BB00B66BDD /* DefaultScheduler.swift in Sources */,
				4F66380B25C5C5FD00473132 /* UIView+Binding.swift in Sources */,
				4F66381F25C5C5FD00473132 /* UIBarItem+Binding.swift in Sources */,
				4F66381325C5C5FD00473132 /* UIDatePicker+Binding.swift in Sources */,
				4F66381525C5C5FD00473132 /* UISwitch+Binding.swift in Sources */,
				4F66382F25C5C5FD00473132 /* DispatchSource+Fisticuffs.swift in Sources */,
				4F66380425C5C5FD00473132 /* DisposableBag.swift in Sources */,
				4F66383025C5C5FD00473132 /* NSLocking+Fisticuffs.swift in Sources */,
				4F66380F25C5C5FD00473132 /* UITableViewCell+Binding.swift in Sources */,
				4F66381925C5C5FD00473132 /* LoadImageManagerType.swift in Sources */,
				4F66383925C5C5FD00473132 /* TransformBindingHandler.swift in Sources */,
			);
			runOnlyForDeploymentPostprocessing = 0;
		};
		6A09EEF01BFB80E6005C2B81 /* Sources */ = {
			isa = PBXSourcesBuildPhase;
			buildActionMask = 2147483647;
			files = (
				C6D3A4D22624F5B60090790A /* SubscribableSpec.swift in Sources */,
				4F66385825C5C66000473132 /* DependencyTrackerSpec.swift in Sources */,
				4F66385F25C5C66100473132 /* AnySubscribableSpec.swift in Sources */,
				4F66385E25C5C66100473132 /* BindingHandlersSpec.swift in Sources */,
				4F66385725C5C66000473132 /* WritableComputedSpec.swift in Sources */,
				A45F9F442AC5E80E00D9338D /* CurrentValueSubscribableArraySpec.swift in Sources */,
				4F66386125C5C66100473132 /* ComputedSpec.swift in Sources */,
				4F66385A25C5C66000473132 /* DataSourceSpec.swift in Sources */,
				4F66385D25C5C66100473132 /* OperatorsSpec.swift in Sources */,
				4F66385B25C5C66100473132 /* BindingSpec.swift in Sources */,
				4F66385525C5C66000473132 /* UIKitBindingSpec.swift in Sources */,
				4F66385325C5C66000473132 /* DisposableBagSpec.swift in Sources */,
				C6D3A4CE2624F0E00090790A /* SchedulersSpec.swift in Sources */,
				4F66385425C5C66000473132 /* MemoryManagementSpec.swift in Sources */,
				A45F9F432AC5E80E00D9338D /* CurrentValueSubscribableSpec.swift in Sources */,
				4F66385925C5C66000473132 /* EventSpec.swift in Sources */,
				4F66385C25C5C66100473132 /* BidirectionalBindingSpec.swift in Sources */,
			);
			runOnlyForDeploymentPostprocessing = 0;
		};
		6A09F1821BFB8C50005C2B81 /* Sources */ = {
			isa = PBXSourcesBuildPhase;
			buildActionMask = 2147483647;
			files = (
				6A6E14C41C751925003F4EC6 /* ImageViewSample.swift in Sources */,
				6A6B3BD81BFD33CF00B825DB /* TableViewSampleController.swift in Sources */,
				6A6B3BF21BFE32F700B825DB /* ControlsSample.swift in Sources */,
				6A1DB75B1BFE7DCB003817D9 /* TextFieldSample.swift in Sources */,
				6A09F1891BFB8C50005C2B81 /* AppDelegate.swift in Sources */,
				6A6B3BDB1BFE1D4A00B825DB /* CollectionViewSample.swift in Sources */,
			);
			runOnlyForDeploymentPostprocessing = 0;
		};
/* End PBXSourcesBuildPhase section */

/* Begin PBXTargetDependency section */
		6A09EEF71BFB80E6005C2B81 /* PBXTargetDependency */ = {
			isa = PBXTargetDependency;
			target = 6A09EEE91BFB80E6005C2B81 /* Fisticuffs */;
			targetProxy = 6A09EEF61BFB80E6005C2B81 /* PBXContainerItemProxy */;
		};
		6A09F1A81BFB8C71005C2B81 /* PBXTargetDependency */ = {
			isa = PBXTargetDependency;
			target = 6A09F1851BFB8C50005C2B81 /* Samples */;
			targetProxy = 6A09F1A71BFB8C71005C2B81 /* PBXContainerItemProxy */;
		};
		6A1DB75F1BFFBD96003817D9 /* PBXTargetDependency */ = {
			isa = PBXTargetDependency;
			target = 6A09EEE91BFB80E6005C2B81 /* Fisticuffs */;
			targetProxy = 6A1DB75E1BFFBD96003817D9 /* PBXContainerItemProxy */;
		};
/* End PBXTargetDependency section */

/* Begin PBXVariantGroup section */
		6A09F18C1BFB8C50005C2B81 /* Main.storyboard */ = {
			isa = PBXVariantGroup;
			children = (
				6A09F18D1BFB8C50005C2B81 /* Base */,
			);
			name = Main.storyboard;
			sourceTree = "<group>";
		};
		6A09F1911BFB8C50005C2B81 /* LaunchScreen.storyboard */ = {
			isa = PBXVariantGroup;
			children = (
				6A09F1921BFB8C50005C2B81 /* Base */,
			);
			name = LaunchScreen.storyboard;
			sourceTree = "<group>";
		};
/* End PBXVariantGroup section */

/* Begin XCBuildConfiguration section */
		6A09EEFC1BFB80E6005C2B81 /* Debug */ = {
			isa = XCBuildConfiguration;
			buildSettings = {
				ALWAYS_SEARCH_USER_PATHS = NO;
				CLANG_CXX_LANGUAGE_STANDARD = "gnu++0x";
				CLANG_CXX_LIBRARY = "libc++";
				CLANG_ENABLE_MODULES = YES;
				CLANG_ENABLE_OBJC_ARC = YES;
				CLANG_WARN_BLOCK_CAPTURE_AUTORELEASING = YES;
				CLANG_WARN_BOOL_CONVERSION = YES;
				CLANG_WARN_COMMA = YES;
				CLANG_WARN_CONSTANT_CONVERSION = YES;
				CLANG_WARN_DEPRECATED_OBJC_IMPLEMENTATIONS = YES;
				CLANG_WARN_DIRECT_OBJC_ISA_USAGE = YES_ERROR;
				CLANG_WARN_EMPTY_BODY = YES;
				CLANG_WARN_ENUM_CONVERSION = YES;
				CLANG_WARN_INFINITE_RECURSION = YES;
				CLANG_WARN_INT_CONVERSION = YES;
				CLANG_WARN_NON_LITERAL_NULL_CONVERSION = YES;
				CLANG_WARN_OBJC_IMPLICIT_RETAIN_SELF = YES;
				CLANG_WARN_OBJC_LITERAL_CONVERSION = YES;
				CLANG_WARN_OBJC_ROOT_CLASS = YES_ERROR;
				CLANG_WARN_QUOTED_INCLUDE_IN_FRAMEWORK_HEADER = YES;
				CLANG_WARN_RANGE_LOOP_ANALYSIS = YES;
				CLANG_WARN_STRICT_PROTOTYPES = YES;
				CLANG_WARN_SUSPICIOUS_MOVE = YES;
				CLANG_WARN_UNREACHABLE_CODE = YES;
				CLANG_WARN__DUPLICATE_METHOD_MATCH = YES;
				"CODE_SIGN_IDENTITY[sdk=iphoneos*]" = "iPhone Developer";
				COPY_PHASE_STRIP = NO;
				CURRENT_PROJECT_VERSION = 1;
				DEBUG_INFORMATION_FORMAT = dwarf;
				ENABLE_STRICT_OBJC_MSGSEND = YES;
				ENABLE_TESTABILITY = YES;
				GCC_C_LANGUAGE_STANDARD = gnu99;
				GCC_DYNAMIC_NO_PIC = NO;
				GCC_NO_COMMON_BLOCKS = YES;
				GCC_OPTIMIZATION_LEVEL = 0;
				GCC_PREPROCESSOR_DEFINITIONS = (
					"DEBUG=1",
					"$(inherited)",
				);
				GCC_WARN_64_TO_32_BIT_CONVERSION = YES;
				GCC_WARN_ABOUT_RETURN_TYPE = YES_ERROR;
				GCC_WARN_UNDECLARED_SELECTOR = YES;
				GCC_WARN_UNINITIALIZED_AUTOS = YES_AGGRESSIVE;
				GCC_WARN_UNUSED_FUNCTION = YES;
				GCC_WARN_UNUSED_VARIABLE = YES;
				IPHONEOS_DEPLOYMENT_TARGET = 16.0;
				MTL_ENABLE_DEBUG_INFO = YES;
				ONLY_ACTIVE_ARCH = YES;
				SDKROOT = iphoneos;
				SWIFT_OPTIMIZATION_LEVEL = "-Onone";
				SWIFT_VERSION = 4.2;
				TARGETED_DEVICE_FAMILY = "1,2";
				VERSIONING_SYSTEM = "apple-generic";
				VERSION_INFO_PREFIX = "";
			};
			name = Debug;
		};
		6A09EEFD1BFB80E6005C2B81 /* Release */ = {
			isa = XCBuildConfiguration;
			buildSettings = {
				ALWAYS_SEARCH_USER_PATHS = NO;
				CLANG_CXX_LANGUAGE_STANDARD = "gnu++0x";
				CLANG_CXX_LIBRARY = "libc++";
				CLANG_ENABLE_MODULES = YES;
				CLANG_ENABLE_OBJC_ARC = YES;
				CLANG_WARN_BLOCK_CAPTURE_AUTORELEASING = YES;
				CLANG_WARN_BOOL_CONVERSION = YES;
				CLANG_WARN_COMMA = YES;
				CLANG_WARN_CONSTANT_CONVERSION = YES;
				CLANG_WARN_DEPRECATED_OBJC_IMPLEMENTATIONS = YES;
				CLANG_WARN_DIRECT_OBJC_ISA_USAGE = YES_ERROR;
				CLANG_WARN_EMPTY_BODY = YES;
				CLANG_WARN_ENUM_CONVERSION = YES;
				CLANG_WARN_INFINITE_RECURSION = YES;
				CLANG_WARN_INT_CONVERSION = YES;
				CLANG_WARN_NON_LITERAL_NULL_CONVERSION = YES;
				CLANG_WARN_OBJC_IMPLICIT_RETAIN_SELF = YES;
				CLANG_WARN_OBJC_LITERAL_CONVERSION = YES;
				CLANG_WARN_OBJC_ROOT_CLASS = YES_ERROR;
				CLANG_WARN_QUOTED_INCLUDE_IN_FRAMEWORK_HEADER = YES;
				CLANG_WARN_RANGE_LOOP_ANALYSIS = YES;
				CLANG_WARN_STRICT_PROTOTYPES = YES;
				CLANG_WARN_SUSPICIOUS_MOVE = YES;
				CLANG_WARN_UNREACHABLE_CODE = YES;
				CLANG_WARN__DUPLICATE_METHOD_MATCH = YES;
				"CODE_SIGN_IDENTITY[sdk=iphoneos*]" = "iPhone Developer";
				COPY_PHASE_STRIP = NO;
				CURRENT_PROJECT_VERSION = 1;
				DEBUG_INFORMATION_FORMAT = "dwarf-with-dsym";
				ENABLE_NS_ASSERTIONS = NO;
				ENABLE_STRICT_OBJC_MSGSEND = YES;
				GCC_C_LANGUAGE_STANDARD = gnu99;
				GCC_NO_COMMON_BLOCKS = YES;
				GCC_WARN_64_TO_32_BIT_CONVERSION = YES;
				GCC_WARN_ABOUT_RETURN_TYPE = YES_ERROR;
				GCC_WARN_UNDECLARED_SELECTOR = YES;
				GCC_WARN_UNINITIALIZED_AUTOS = YES_AGGRESSIVE;
				GCC_WARN_UNUSED_FUNCTION = YES;
				GCC_WARN_UNUSED_VARIABLE = YES;
				IPHONEOS_DEPLOYMENT_TARGET = 16.0;
				MTL_ENABLE_DEBUG_INFO = NO;
				SDKROOT = iphoneos;
				SWIFT_COMPILATION_MODE = wholemodule;
				SWIFT_VERSION = 4.2;
				TARGETED_DEVICE_FAMILY = "1,2";
				VALIDATE_PRODUCT = YES;
				VERSIONING_SYSTEM = "apple-generic";
				VERSION_INFO_PREFIX = "";
			};
			name = Release;
		};
		6A09EEFF1BFB80E6005C2B81 /* Debug */ = {
			isa = XCBuildConfiguration;
			buildSettings = {
				CODE_SIGN_IDENTITY = "";
				DEFINES_MODULE = YES;
				DEVELOPMENT_TEAM = "";
				DYLIB_COMPATIBILITY_VERSION = 1;
				DYLIB_CURRENT_VERSION = 1;
				DYLIB_INSTALL_NAME_BASE = "@rpath";
				ENABLE_MODULE_VERIFIER = YES;
				INFOPLIST_FILE = Sources/Fisticuffs/Info.plist;
				INSTALL_PATH = "$(LOCAL_LIBRARY_DIR)/Frameworks";
				IPHONEOS_DEPLOYMENT_TARGET = 16.0;
				LD_RUNPATH_SEARCH_PATHS = (
					"$(inherited)",
					"@executable_path/Frameworks",
					"@loader_path/Frameworks",
				);
				MODULE_VERIFIER_SUPPORTED_LANGUAGES = "objective-c objective-c++";
				MODULE_VERIFIER_SUPPORTED_LANGUAGE_STANDARDS = "gnu99 gnu++11";
				PRODUCT_BUNDLE_IDENTIFIER = com.thescore.Fisticuffs;
				PRODUCT_NAME = "$(TARGET_NAME)";
				SKIP_INSTALL = YES;
				SWIFT_VERSION = 5.0;
			};
			name = Debug;
		};
		6A09EF001BFB80E6005C2B81 /* Release */ = {
			isa = XCBuildConfiguration;
			buildSettings = {
				CODE_SIGN_IDENTITY = "";
				DEFINES_MODULE = YES;
				DEVELOPMENT_TEAM = "";
				DYLIB_COMPATIBILITY_VERSION = 1;
				DYLIB_CURRENT_VERSION = 1;
				DYLIB_INSTALL_NAME_BASE = "@rpath";
				ENABLE_MODULE_VERIFIER = YES;
				INFOPLIST_FILE = Sources/Fisticuffs/Info.plist;
				INSTALL_PATH = "$(LOCAL_LIBRARY_DIR)/Frameworks";
				IPHONEOS_DEPLOYMENT_TARGET = 16.0;
				LD_RUNPATH_SEARCH_PATHS = (
					"$(inherited)",
					"@executable_path/Frameworks",
					"@loader_path/Frameworks",
				);
				MODULE_VERIFIER_SUPPORTED_LANGUAGES = "objective-c objective-c++";
				MODULE_VERIFIER_SUPPORTED_LANGUAGE_STANDARDS = "gnu99 gnu++11";
				PRODUCT_BUNDLE_IDENTIFIER = com.thescore.Fisticuffs;
				PRODUCT_NAME = "$(TARGET_NAME)";
				SKIP_INSTALL = YES;
				SWIFT_VERSION = 5.0;
			};
			name = Release;
		};
		6A09EF021BFB80E6005C2B81 /* Debug */ = {
			isa = XCBuildConfiguration;
			buildSettings = {
				ALWAYS_EMBED_SWIFT_STANDARD_LIBRARIES = YES;
				DEVELOPMENT_TEAM = "";
				INFOPLIST_FILE = Tests/FisticuffsTests/Info.plist;
				LD_RUNPATH_SEARCH_PATHS = (
					"$(inherited)",
					"@executable_path/Frameworks",
					"@loader_path/Frameworks",
				);
				PRODUCT_BUNDLE_IDENTIFIER = com.thescore.FisticuffsTests;
				PRODUCT_NAME = "$(TARGET_NAME)";
				SWIFT_VERSION = 5.0;
				TEST_HOST = "$(BUILT_PRODUCTS_DIR)/Samples.app/Samples";
			};
			name = Debug;
		};
		6A09EF031BFB80E6005C2B81 /* Release */ = {
			isa = XCBuildConfiguration;
			buildSettings = {
				ALWAYS_EMBED_SWIFT_STANDARD_LIBRARIES = YES;
				DEVELOPMENT_TEAM = "";
				INFOPLIST_FILE = Tests/FisticuffsTests/Info.plist;
				LD_RUNPATH_SEARCH_PATHS = (
					"$(inherited)",
					"@executable_path/Frameworks",
					"@loader_path/Frameworks",
				);
				PRODUCT_BUNDLE_IDENTIFIER = com.thescore.FisticuffsTests;
				PRODUCT_NAME = "$(TARGET_NAME)";
				SWIFT_VERSION = 5.0;
				TEST_HOST = "$(BUILT_PRODUCTS_DIR)/Samples.app/Samples";
			};
			name = Release;
		};
		6A09F1951BFB8C50005C2B81 /* Debug */ = {
			isa = XCBuildConfiguration;
			buildSettings = {
				ALWAYS_EMBED_SWIFT_STANDARD_LIBRARIES = YES;
				ASSETCATALOG_COMPILER_APPICON_NAME = AppIcon;
				DEVELOPMENT_TEAM = "";
				INFOPLIST_FILE = Samples/Info.plist;
				IPHONEOS_DEPLOYMENT_TARGET = 16.0;
				LD_RUNPATH_SEARCH_PATHS = (
					"$(inherited)",
					"@executable_path/Frameworks",
				);
				PRODUCT_BUNDLE_IDENTIFIER = com.thescore.Fisticuffs.Samples;
				PRODUCT_NAME = "$(TARGET_NAME)";
				SWIFT_VERSION = 5.0;
			};
			name = Debug;
		};
		6A09F1961BFB8C50005C2B81 /* Release */ = {
			isa = XCBuildConfiguration;
			buildSettings = {
				ALWAYS_EMBED_SWIFT_STANDARD_LIBRARIES = YES;
				ASSETCATALOG_COMPILER_APPICON_NAME = AppIcon;
				DEVELOPMENT_TEAM = "";
				INFOPLIST_FILE = Samples/Info.plist;
				IPHONEOS_DEPLOYMENT_TARGET = 16.0;
				LD_RUNPATH_SEARCH_PATHS = (
					"$(inherited)",
					"@executable_path/Frameworks",
				);
				PRODUCT_BUNDLE_IDENTIFIER = com.thescore.Fisticuffs.Samples;
				PRODUCT_NAME = "$(TARGET_NAME)";
				SWIFT_VERSION = 5.0;
			};
			name = Release;
		};
/* End XCBuildConfiguration section */

/* Begin XCConfigurationList section */
		6A09EEE41BFB80E6005C2B81 /* Build configuration list for PBXProject "Fisticuffs" */ = {
			isa = XCConfigurationList;
			buildConfigurations = (
				6A09EEFC1BFB80E6005C2B81 /* Debug */,
				6A09EEFD1BFB80E6005C2B81 /* Release */,
			);
			defaultConfigurationIsVisible = 0;
			defaultConfigurationName = Release;
		};
		6A09EEFE1BFB80E6005C2B81 /* Build configuration list for PBXNativeTarget "Fisticuffs" */ = {
			isa = XCConfigurationList;
			buildConfigurations = (
				6A09EEFF1BFB80E6005C2B81 /* Debug */,
				6A09EF001BFB80E6005C2B81 /* Release */,
			);
			defaultConfigurationIsVisible = 0;
			defaultConfigurationName = Release;
		};
		6A09EF011BFB80E6005C2B81 /* Build configuration list for PBXNativeTarget "FisticuffsTests" */ = {
			isa = XCConfigurationList;
			buildConfigurations = (
				6A09EF021BFB80E6005C2B81 /* Debug */,
				6A09EF031BFB80E6005C2B81 /* Release */,
			);
			defaultConfigurationIsVisible = 0;
			defaultConfigurationName = Release;
		};
		6A09F1A61BFB8C50005C2B81 /* Build configuration list for PBXNativeTarget "Samples" */ = {
			isa = XCConfigurationList;
			buildConfigurations = (
				6A09F1951BFB8C50005C2B81 /* Debug */,
				6A09F1961BFB8C50005C2B81 /* Release */,
			);
			defaultConfigurationIsVisible = 0;
			defaultConfigurationName = Release;
		};
/* End XCConfigurationList section */

/* Begin XCRemoteSwiftPackageReference section */
		4F66386625C5C6A000473132 /* XCRemoteSwiftPackageReference "Quick" */ = {
			isa = XCRemoteSwiftPackageReference;
			repositoryURL = "https://github.com/Quick/Quick.git";
			requirement = {
				kind = upToNextMajorVersion;
				minimumVersion = 7.0.0;
			};
		};
		4F66386B25C5C6BE00473132 /* XCRemoteSwiftPackageReference "Nimble" */ = {
			isa = XCRemoteSwiftPackageReference;
			repositoryURL = "https://github.com/Quick/Nimble.git";
			requirement = {
				kind = upToNextMajorVersion;
				minimumVersion = 13.0.0;
			};
		};
/* End XCRemoteSwiftPackageReference section */

/* Begin XCSwiftPackageProductDependency section */
		4F66386725C5C6A000473132 /* Quick */ = {
			isa = XCSwiftPackageProductDependency;
			package = 4F66386625C5C6A000473132 /* XCRemoteSwiftPackageReference "Quick" */;
			productName = Quick;
		};
		4F66386C25C5C6BE00473132 /* Nimble */ = {
			isa = XCSwiftPackageProductDependency;
			package = 4F66386B25C5C6BE00473132 /* XCRemoteSwiftPackageReference "Nimble" */;
			productName = Nimble;
		};
/* End XCSwiftPackageProductDependency section */
	};
	rootObject = 6A09EEE11BFB80E6005C2B81 /* Project object */;
}
