PODS:
  - Nimble (3.0.0)
  - Quick (0.8.0)
  - SwiftMVVMBinding (0.1.0)

DEPENDENCIES:
  - Nimble (= 3.0.0)
  - Quick (~> 0.8.0)
  - SwiftMVVMBinding (from `../`)

EXTERNAL SOURCES:
  SwiftMVVMBinding:
    :path: ../

SPEC CHECKSUMS:
  Nimble: 4c353d43735b38b545cbb4cb91504588eb5de926
  Quick: 563d0f6ec5f72e394645adb377708639b7dd38ab
  SwiftMVVMBinding: d60c2c01419e79e02b5eb9958e8021a749aa740c

COCOAPODS: 0.39.0
