// !$*UTF8*$!
{
	archiveVersion = 1;
	classes = {
	};
	objectVersion = 46;
	objects = {

/* Begin PBXBuildFile section */
		6A06ED8D1BFB912500231806 /* AppDelegate.swift in Sources */ = {isa = PBXBuildFile; fileRef = 6A06ED8C1BFB912500231806 /* AppDelegate.swift */; };
		6A06ED8F1BFB912500231806 /* ToDoListViewController.swift in Sources */ = {isa = PBXBuildFile; fileRef = 6A06ED8E1BFB912500231806 /* ToDoListViewController.swift */; };
		6A06ED921BFB912500231806 /* Main.storyboard in Resources */ = {isa = PBXBuildFile; fileRef = 6A06ED901BFB912500231806 /* Main.storyboard */; };
		6A06ED941BFB912500231806 /* Assets.xcassets in Resources */ = {isa = PBXBuildFile; fileRef = 6A06ED931BFB912500231806 /* Assets.xcassets */; };
		6A06ED971BFB912500231806 /* LaunchScreen.storyboard in Resources */ = {isa = PBXBuildFile; fileRef = 6A06ED951BFB912500231806 /* LaunchScreen.storyboard */; };
		6A06EDAD1BFBA8EE00231806 /* AddItemViewController.swift in Sources */ = {isa = PBXBuildFile; fileRef = 6A06EDAC1BFBA8EE00231806 /* AddItemViewController.swift */; };
		6A06EDB01BFBA9ED00231806 /* ToDoListViewModel.swift in Sources */ = {isa = PBXBuildFile; fileRef = 6A06EDAF1BFBA9ED00231806 /* ToDoListViewModel.swift */; };
		6A06EDB51BFBAC5000231806 /* AddItemViewModel.swift in Sources */ = {isa = PBXBuildFile; fileRef = 6A06EDB41BFBAC5000231806 /* AddItemViewModel.swift */; };
		6A06EDBA1BFBACA200231806 /* ToDoItem.swift in Sources */ = {isa = PBXBuildFile; fileRef = 6A06EDB91BFBACA200231806 /* ToDoItem.swift */; };
		6A06EDBC1BFBB69B00231806 /* DataManager.swift in Sources */ = {isa = PBXBuildFile; fileRef = 6A06EDBB1BFBB69B00231806 /* DataManager.swift */; };
		6A06EDBE1BFBB87600231806 /* ToDoItemCell.swift in Sources */ = {isa = PBXBuildFile; fileRef = 6A06EDBD1BFBB87600231806 /* ToDoItemCell.swift */; };
		6A06EDCF1BFBBF8C00231806 /* Nimble.framework in Frameworks */ = {isa = PBXBuildFile; fileRef = 6A06EDCD1BFBBF8C00231806 /* Nimble.framework */; };
		6A06EDD01BFBBF8C00231806 /* Quick.framework in Frameworks */ = {isa = PBXBuildFile; fileRef = 6A06EDCE1BFBBF8C00231806 /* Quick.framework */; };
		6A06EDD51BFBC03000231806 /* AddItemViewModelSpec.swift in Sources */ = {isa = PBXBuildFile; fileRef = 6A06EDD31BFBBFD900231806 /* AddItemViewModelSpec.swift */; };
		6A1DB7621BFFC0D2003817D9 /* Fisticuffs.framework in Frameworks */ = {isa = PBXBuildFile; fileRef = 6A1DB7611BFFC0D2003817D9 /* Fisticuffs.framework */; };
		6A1DB7631BFFC0D2003817D9 /* Fisticuffs.framework in Embed Frameworks */ = {isa = PBXBuildFile; fileRef = 6A1DB7611BFFC0D2003817D9 /* Fisticuffs.framework */; settings = {ATTRIBUTES = (CodeSignOnCopy, RemoveHeadersOnCopy, ); }; };
/* End PBXBuildFile section */

/* Begin PBXContainerItemProxy section */
		6A06EDC81BFBBF1F00231806 /* PBXContainerItemProxy */ = {
			isa = PBXContainerItemProxy;
			containerPortal = 6A06ED811BFB912500231806 /* Project object */;
			proxyType = 1;
			remoteGlobalIDString = 6A06ED881BFB912500231806;
			remoteInfo = "iOS Example";
		};
/* End PBXContainerItemProxy section */

/* Begin PBXCopyFilesBuildPhase section */
		6A1DB7641BFFC0D2003817D9 /* Embed Frameworks */ = {
			isa = PBXCopyFilesBuildPhase;
			buildActionMask = 2147483647;
			dstPath = "";
			dstSubfolderSpec = 10;
			files = (
				6A1DB7631BFFC0D2003817D9 /* Fisticuffs.framework in Embed Frameworks */,
			);
			name = "Embed Frameworks";
			runOnlyForDeploymentPostprocessing = 0;
		};
/* End PBXCopyFilesBuildPhase section */

/* Begin PBXFileReference section */
		6A06ED891BFB912500231806 /* iOS Example.app */ = {isa = PBXFileReference; explicitFileType = wrapper.application; includeInIndex = 0; path = "iOS Example.app"; sourceTree = BUILT_PRODUCTS_DIR; };
		6A06ED8C1BFB912500231806 /* AppDelegate.swift */ = {isa = PBXFileReference; lastKnownFileType = sourcecode.swift; path = AppDelegate.swift; sourceTree = "<group>"; };
		6A06ED8E1BFB912500231806 /* ToDoListViewController.swift */ = {isa = PBXFileReference; lastKnownFileType = sourcecode.swift; path = ToDoListViewController.swift; sourceTree = "<group>"; };
		6A06ED911BFB912500231806 /* Base */ = {isa = PBXFileReference; lastKnownFileType = file.storyboard; name = Base; path = Base.lproj/Main.storyboard; sourceTree = "<group>"; };
		6A06ED931BFB912500231806 /* Assets.xcassets */ = {isa = PBXFileReference; lastKnownFileType = folder.assetcatalog; path = Assets.xcassets; sourceTree = "<group>"; };
		6A06ED961BFB912500231806 /* Base */ = {isa = PBXFileReference; lastKnownFileType = file.storyboard; name = Base; path = Base.lproj/LaunchScreen.storyboard; sourceTree = "<group>"; };
		6A06ED981BFB912500231806 /* Info.plist */ = {isa = PBXFileReference; lastKnownFileType = text.plist.xml; path = Info.plist; sourceTree = "<group>"; };
		6A06EDAC1BFBA8EE00231806 /* AddItemViewController.swift */ = {isa = PBXFileReference; fileEncoding = 4; lastKnownFileType = sourcecode.swift; path = AddItemViewController.swift; sourceTree = "<group>"; };
		6A06EDAF1BFBA9ED00231806 /* ToDoListViewModel.swift */ = {isa = PBXFileReference; fileEncoding = 4; lastKnownFileType = sourcecode.swift; path = ToDoListViewModel.swift; sourceTree = "<group>"; };
		6A06EDB41BFBAC5000231806 /* AddItemViewModel.swift */ = {isa = PBXFileReference; fileEncoding = 4; lastKnownFileType = sourcecode.swift; path = AddItemViewModel.swift; sourceTree = "<group>"; };
		6A06EDB91BFBACA200231806 /* ToDoItem.swift */ = {isa = PBXFileReference; fileEncoding = 4; lastKnownFileType = sourcecode.swift; path = ToDoItem.swift; sourceTree = "<group>"; };
		6A06EDBB1BFBB69B00231806 /* DataManager.swift */ = {isa = PBXFileReference; fileEncoding = 4; lastKnownFileType = sourcecode.swift; path = DataManager.swift; sourceTree = "<group>"; };
		6A06EDBD1BFBB87600231806 /* ToDoItemCell.swift */ = {isa = PBXFileReference; fileEncoding = 4; lastKnownFileType = sourcecode.swift; path = ToDoItemCell.swift; sourceTree = "<group>"; };
		6A06EDC31BFBBF1F00231806 /* Tests.xctest */ = {isa = PBXFileReference; explicitFileType = wrapper.cfbundle; includeInIndex = 0; path = Tests.xctest; sourceTree = BUILT_PRODUCTS_DIR; };
		6A06EDC71BFBBF1F00231806 /* Info.plist */ = {isa = PBXFileReference; lastKnownFileType = text.plist.xml; path = Info.plist; sourceTree = "<group>"; };
		6A06EDCD1BFBBF8C00231806 /* Nimble.framework */ = {isa = PBXFileReference; lastKnownFileType = wrapper.framework; name = Nimble.framework; path = "Tests/Vendor/Nimble/build/Debug-iphoneos/Nimble.framework"; sourceTree = "<group>"; };
		6A06EDCE1BFBBF8C00231806 /* Quick.framework */ = {isa = PBXFileReference; lastKnownFileType = wrapper.framework; name = Quick.framework; path = "Tests/Vendor/Quick/build/Debug-iphoneos/Quick.framework"; sourceTree = "<group>"; };
		6A06EDD31BFBBFD900231806 /* AddItemViewModelSpec.swift */ = {isa = PBXFileReference; fileEncoding = 4; lastKnownFileType = sourcecode.swift; path = AddItemViewModelSpec.swift; sourceTree = "<group>"; };
		6A1DB7611BFFC0D2003817D9 /* Fisticuffs.framework */ = {isa = PBXFileReference; explicitFileType = wrapper.framework; path = Fisticuffs.framework; sourceTree = BUILT_PRODUCTS_DIR; };
/* End PBXFileReference section */

/* Begin PBXFrameworksBuildPhase section */
		6A06ED861BFB912500231806 /* Frameworks */ = {
			isa = PBXFrameworksBuildPhase;
			buildActionMask = 2147483647;
			files = (
				6A1DB7621BFFC0D2003817D9 /* Fisticuffs.framework in Frameworks */,
			);
			runOnlyForDeploymentPostprocessing = 0;
		};
		6A06EDC01BFBBF1F00231806 /* Frameworks */ = {
			isa = PBXFrameworksBuildPhase;
			buildActionMask = 2147483647;
			files = (
				6A06EDCF1BFBBF8C00231806 /* Nimble.framework in Frameworks */,
				6A06EDD01BFBBF8C00231806 /* Quick.framework in Frameworks */,
			);
			runOnlyForDeploymentPostprocessing = 0;
		};
/* End PBXFrameworksBuildPhase section */

/* Begin PBXGroup section */
		6A06ED801BFB912500231806 = {
			isa = PBXGroup;
			children = (
				6A06ED8B1BFB912500231806 /* iOS Example */,
				6A06EDC41BFBBF1F00231806 /* Tests */,
				6A06ED8A1BFB912500231806 /* Products */,
				6A06EDB31BFBAA7F00231806 /* Frameworks */,
			);
			sourceTree = "<group>";
		};
		6A06ED8A1BFB912500231806 /* Products */ = {
			isa = PBXGroup;
			children = (
				6A06ED891BFB912500231806 /* iOS Example.app */,
				6A06EDC31BFBBF1F00231806 /* Tests.xctest */,
			);
			name = Products;
			sourceTree = "<group>";
		};
		6A06ED8B1BFB912500231806 /* iOS Example */ = {
			isa = PBXGroup;
			children = (
				6A06EDB81BFBAC9A00231806 /* Model */,
				6A06EDAE1BFBA9DC00231806 /* ViewModels */,
				6A06ED8C1BFB912500231806 /* AppDelegate.swift */,
				6A06ED8E1BFB912500231806 /* ToDoListViewController.swift */,
				6A06EDAC1BFBA8EE00231806 /* AddItemViewController.swift */,
				6A06EDBD1BFBB87600231806 /* ToDoItemCell.swift */,
				6A06ED901BFB912500231806 /* Main.storyboard */,
				6A06ED931BFB912500231806 /* Assets.xcassets */,
				6A06ED951BFB912500231806 /* LaunchScreen.storyboard */,
				6A06ED981BFB912500231806 /* Info.plist */,
			);
			path = "iOS Example";
			sourceTree = "<group>";
		};
		6A06EDAE1BFBA9DC00231806 /* ViewModels */ = {
			isa = PBXGroup;
			children = (
				6A06EDAF1BFBA9ED00231806 /* ToDoListViewModel.swift */,
				6A06EDB41BFBAC5000231806 /* AddItemViewModel.swift */,
			);
			path = ViewModels;
			sourceTree = "<group>";
		};
		6A06EDB31BFBAA7F00231806 /* Frameworks */ = {
			isa = PBXGroup;
			children = (
				6A1DB7611BFFC0D2003817D9 /* Fisticuffs.framework */,
				6A06EDCD1BFBBF8C00231806 /* Nimble.framework */,
				6A06EDCE1BFBBF8C00231806 /* Quick.framework */,
			);
			name = Frameworks;
			sourceTree = "<group>";
		};
		6A06EDB81BFBAC9A00231806 /* Model */ = {
			isa = PBXGroup;
			children = (
				6A06EDB91BFBACA200231806 /* ToDoItem.swift */,
				6A06EDBB1BFBB69B00231806 /* DataManager.swift */,
			);
			path = Model;
			sourceTree = "<group>";
		};
		6A06EDC41BFBBF1F00231806 /* Tests */ = {
			isa = PBXGroup;
			children = (
				6A06EDC71BFBBF1F00231806 /* Info.plist */,
				6A06EDD31BFBBFD900231806 /* AddItemViewModelSpec.swift */,
			);
			name = Tests;
			path = "iOS Example/Tests";
			sourceTree = "<group>";
		};
/* End PBXGroup section */

/* Begin PBXNativeTarget section */
		6A06ED881BFB912500231806 /* iOS Example */ = {
			isa = PBXNativeTarget;
			buildConfigurationList = 6A06EDA61BFB912500231806 /* Build configuration list for PBXNativeTarget "iOS Example" */;
			buildPhases = (
				6A06ED851BFB912500231806 /* Sources */,
				6A06ED861BFB912500231806 /* Frameworks */,
				6A06ED871BFB912500231806 /* Resources */,
				6A1DB7641BFFC0D2003817D9 /* Embed Frameworks */,
			);
			buildRules = (
			);
			dependencies = (
			);
			name = "iOS Example";
			productName = "iOS Example";
			productReference = 6A06ED891BFB912500231806 /* iOS Example.app */;
			productType = "com.apple.product-type.application";
		};
		6A06EDC21BFBBF1F00231806 /* Tests */ = {
			isa = PBXNativeTarget;
			buildConfigurationList = 6A06EDCA1BFBBF1F00231806 /* Build configuration list for PBXNativeTarget "Tests" */;
			buildPhases = (
				6A06EDBF1BFBBF1F00231806 /* Sources */,
				6A06EDC01BFBBF1F00231806 /* Frameworks */,
				6A06EDC11BFBBF1F00231806 /* Resources */,
			);
			buildRules = (
			);
			dependencies = (
				6A06EDC91BFBBF1F00231806 /* PBXTargetDependency */,
			);
			name = Tests;
			productName = Tests;
			productReference = 6A06EDC31BFBBF1F00231806 /* Tests.xctest */;
			productType = "com.apple.product-type.bundle.unit-test";
		};
/* End PBXNativeTarget section */

/* Begin PBXProject section */
		6A06ED811BFB912500231806 /* Project object */ = {
			isa = PBXProject;
			attributes = {
				LastSwiftUpdateCheck = 0710;
				LastUpgradeCheck = 0710;
				ORGANIZATIONNAME = theScore;
				TargetAttributes = {
					6A06ED881BFB912500231806 = {
						CreatedOnToolsVersion = 7.1;
					};
					6A06EDC21BFBBF1F00231806 = {
						CreatedOnToolsVersion = 7.1;
						TestTargetID = 6A06ED881BFB912500231806;
					};
				};
			};
			buildConfigurationList = 6A06ED841BFB912500231806 /* Build configuration list for PBXProject "iOS Example" */;
			compatibilityVersion = "Xcode 3.2";
			developmentRegion = English;
			hasScannedForEncodings = 0;
			knownRegions = (
				en,
				Base,
			);
			mainGroup = 6A06ED801BFB912500231806;
			productRefGroup = 6A06ED8A1BFB912500231806 /* Products */;
			projectDirPath = "";
			projectRoot = "";
			targets = (
				6A06ED881BFB912500231806 /* iOS Example */,
				6A06EDC21BFBBF1F00231806 /* Tests */,
			);
		};
/* End PBXProject section */

/* Begin PBXResourcesBuildPhase section */
		6A06ED871BFB912500231806 /* Resources */ = {
			isa = PBXResourcesBuildPhase;
			buildActionMask = 2147483647;
			files = (
				6A06ED971BFB912500231806 /* LaunchScreen.storyboard in Resources */,
				6A06ED941BFB912500231806 /* Assets.xcassets in Resources */,
				6A06ED921BFB912500231806 /* Main.storyboard in Resources */,
			);
			runOnlyForDeploymentPostprocessing = 0;
		};
		6A06EDC11BFBBF1F00231806 /* Resources */ = {
			isa = PBXResourcesBuildPhase;
			buildActionMask = 2147483647;
			files = (
			);
			runOnlyForDeploymentPostprocessing = 0;
		};
/* End PBXResourcesBuildPhase section */

/* Begin PBXSourcesBuildPhase section */
		6A06ED851BFB912500231806 /* Sources */ = {
			isa = PBXSourcesBuildPhase;
			buildActionMask = 2147483647;
			files = (
				6A06EDB51BFBAC5000231806 /* AddItemViewModel.swift in Sources */,
				6A06EDB01BFBA9ED00231806 /* ToDoListViewModel.swift in Sources */,
				6A06EDBE1BFBB87600231806 /* ToDoItemCell.swift in Sources */,
				6A06EDBA1BFBACA200231806 /* ToDoItem.swift in Sources */,
				6A06EDBC1BFBB69B00231806 /* DataManager.swift in Sources */,
				6A06ED8F1BFB912500231806 /* ToDoListViewController.swift in Sources */,
				6A06ED8D1BFB912500231806 /* AppDelegate.swift in Sources */,
				6A06EDAD1BFBA8EE00231806 /* AddItemViewController.swift in Sources */,
			);
			runOnlyForDeploymentPostprocessing = 0;
		};
		6A06EDBF1BFBBF1F00231806 /* Sources */ = {
			isa = PBXSourcesBuildPhase;
			buildActionMask = 2147483647;
			files = (
				6A06EDD51BFBC03000231806 /* AddItemViewModelSpec.swift in Sources */,
			);
			runOnlyForDeploymentPostprocessing = 0;
		};
/* End PBXSourcesBuildPhase section */

/* Begin PBXTargetDependency section */
		6A06EDC91BFBBF1F00231806 /* PBXTargetDependency */ = {
			isa = PBXTargetDependency;
			target = 6A06ED881BFB912500231806 /* iOS Example */;
			targetProxy = 6A06EDC81BFBBF1F00231806 /* PBXContainerItemProxy */;
		};
/* End PBXTargetDependency section */

/* Begin PBXVariantGroup section */
		6A06ED901BFB912500231806 /* Main.storyboard */ = {
			isa = PBXVariantGroup;
			children = (
				6A06ED911BFB912500231806 /* Base */,
			);
			name = Main.storyboard;
			sourceTree = "<group>";
		};
		6A06ED951BFB912500231806 /* LaunchScreen.storyboard */ = {
			isa = PBXVariantGroup;
			children = (
				6A06ED961BFB912500231806 /* Base */,
			);
			name = LaunchScreen.storyboard;
			sourceTree = "<group>";
		};
/* End PBXVariantGroup section */

/* Begin XCBuildConfiguration section */
		6A06EDA41BFB912500231806 /* Debug */ = {
			isa = XCBuildConfiguration;
			buildSettings = {
				ALWAYS_SEARCH_USER_PATHS = NO;
				CLANG_CXX_LANGUAGE_STANDARD = "gnu++0x";
				CLANG_CXX_LIBRARY = "libc++";
				CLANG_ENABLE_MODULES = YES;
				CLANG_ENABLE_OBJC_ARC = YES;
				CLANG_WARN_BOOL_CONVERSION = YES;
				CLANG_WARN_CONSTANT_CONVERSION = YES;
				CLANG_WARN_DIRECT_OBJC_ISA_USAGE = YES_ERROR;
				CLANG_WARN_EMPTY_BODY = YES;
				CLANG_WARN_ENUM_CONVERSION = YES;
				CLANG_WARN_INT_CONVERSION = YES;
				CLANG_WARN_OBJC_ROOT_CLASS = YES_ERROR;
				CLANG_WARN_UNREACHABLE_CODE = YES;
				CLANG_WARN__DUPLICATE_METHOD_MATCH = YES;
				"CODE_SIGN_IDENTITY[sdk=iphoneos*]" = "iPhone Developer";
				COPY_PHASE_STRIP = NO;
				DEBUG_INFORMATION_FORMAT = dwarf;
				ENABLE_STRICT_OBJC_MSGSEND = YES;
				ENABLE_TESTABILITY = YES;
				GCC_C_LANGUAGE_STANDARD = gnu99;
				GCC_DYNAMIC_NO_PIC = NO;
				GCC_NO_COMMON_BLOCKS = YES;
				GCC_OPTIMIZATION_LEVEL = 0;
				GCC_PREPROCESSOR_DEFINITIONS = (
					"DEBUG=1",
					"$(inherited)",
				);
				GCC_WARN_64_TO_32_BIT_CONVERSION = YES;
				GCC_WARN_ABOUT_RETURN_TYPE = YES_ERROR;
				GCC_WARN_UNDECLARED_SELECTOR = YES;
				GCC_WARN_UNINITIALIZED_AUTOS = YES_AGGRESSIVE;
				GCC_WARN_UNUSED_FUNCTION = YES;
				GCC_WARN_UNUSED_VARIABLE = YES;
				IPHONEOS_DEPLOYMENT_TARGET = 8.0;
				MTL_ENABLE_DEBUG_INFO = YES;
				ONLY_ACTIVE_ARCH = YES;
				SDKROOT = iphoneos;
				SWIFT_OPTIMIZATION_LEVEL = "-Onone";
			};
			name = Debug;
		};
		6A06EDA51BFB912500231806 /* Release */ = {
			isa = XCBuildConfiguration;
			buildSettings = {
				ALWAYS_SEARCH_USER_PATHS = NO;
				CLANG_CXX_LANGUAGE_STANDARD = "gnu++0x";
				CLANG_CXX_LIBRARY = "libc++";
				CLANG_ENABLE_MODULES = YES;
				CLANG_ENABLE_OBJC_ARC = YES;
				CLANG_WARN_BOOL_CONVERSION = YES;
				CLANG_WARN_CONSTANT_CONVERSION = YES;
				CLANG_WARN_DIRECT_OBJC_ISA_USAGE = YES_ERROR;
				CLANG_WARN_EMPTY_BODY = YES;
				CLANG_WARN_ENUM_CONVERSION = YES;
				CLANG_WARN_INT_CONVERSION = YES;
				CLANG_WARN_OBJC_ROOT_CLASS = YES_ERROR;
				CLANG_WARN_UNREACHABLE_CODE = YES;
				CLANG_WARN__DUPLICATE_METHOD_MATCH = YES;
				"CODE_SIGN_IDENTITY[sdk=iphoneos*]" = "iPhone Developer";
				COPY_PHASE_STRIP = NO;
				DEBUG_INFORMATION_FORMAT = "dwarf-with-dsym";
				ENABLE_NS_ASSERTIONS = NO;
				ENABLE_STRICT_OBJC_MSGSEND = YES;
				GCC_C_LANGUAGE_STANDARD = gnu99;
				GCC_NO_COMMON_BLOCKS = YES;
				GCC_WARN_64_TO_32_BIT_CONVERSION = YES;
				GCC_WARN_ABOUT_RETURN_TYPE = YES_ERROR;
				GCC_WARN_UNDECLARED_SELECTOR = YES;
				GCC_WARN_UNINITIALIZED_AUTOS = YES_AGGRESSIVE;
				GCC_WARN_UNUSED_FUNCTION = YES;
				GCC_WARN_UNUSED_VARIABLE = YES;
				IPHONEOS_DEPLOYMENT_TARGET = 8.0;
				MTL_ENABLE_DEBUG_INFO = NO;
				SDKROOT = iphoneos;
				VALIDATE_PRODUCT = YES;
			};
			name = Release;
		};
		6A06EDA71BFB912500231806 /* Debug */ = {
			isa = XCBuildConfiguration;
			buildSettings = {
				ASSETCATALOG_COMPILER_APPICON_NAME = AppIcon;
				INFOPLIST_FILE = "iOS Example/Info.plist";
				LD_RUNPATH_SEARCH_PATHS = "$(inherited) @executable_path/Frameworks";
				PRODUCT_BUNDLE_IDENTIFIER = "com.thescore.Fisticuffs.iOS-Example";
				PRODUCT_NAME = "$(TARGET_NAME)";
				SWIFT_VERSION = 4.0;
			};
			name = Debug;
		};
		6A06EDA81BFB912500231806 /* Release */ = {
			isa = XCBuildConfiguration;
			buildSettings = {
				ASSETCATALOG_COMPILER_APPICON_NAME = AppIcon;
				INFOPLIST_FILE = "iOS Example/Info.plist";
				LD_RUNPATH_SEARCH_PATHS = "$(inherited) @executable_path/Frameworks";
				PRODUCT_BUNDLE_IDENTIFIER = "com.thescore.Fisticuffs.iOS-Example";
				PRODUCT_NAME = "$(TARGET_NAME)";
				SWIFT_VERSION = 4.0;
			};
			name = Release;
		};
		6A06EDCB1BFBBF1F00231806 /* Debug */ = {
			isa = XCBuildConfiguration;
			buildSettings = {
				BUNDLE_LOADER = "$(TEST_HOST)";
				FRAMEWORK_SEARCH_PATHS = (
					"$(inherited)",
					"$(PROJECT_DIR)/Tests/Vendor/Nimble/build/Debug-iphoneos",
					"$(PROJECT_DIR)/Tests/Vendor/Quick/build/Debug-iphoneos",
					"$(PROJECT_DIR)/build/Debug-iphoneos",
				);
				INFOPLIST_FILE = Tests/Info.plist;
				LD_RUNPATH_SEARCH_PATHS = "$(inherited) @executable_path/Frameworks @loader_path/Frameworks";
				PRODUCT_BUNDLE_IDENTIFIER = "com.thescore.Fisticuffs.iOS-Example.Tests";
				PRODUCT_NAME = "$(TARGET_NAME)";
				SWIFT_VERSION = 4.0;
				TEST_HOST = "$(BUILT_PRODUCTS_DIR)/iOS Example.app/iOS Example";
			};
			name = Debug;
		};
		6A06EDCC1BFBBF1F00231806 /* Release */ = {
			isa = XCBuildConfiguration;
			buildSettings = {
				BUNDLE_LOADER = "$(TEST_HOST)";
				FRAMEWORK_SEARCH_PATHS = (
					"$(inherited)",
					"$(PROJECT_DIR)/Tests/Vendor/Nimble/build/Debug-iphoneos",
					"$(PROJECT_DIR)/Tests/Vendor/Quick/build/Debug-iphoneos",
					"$(PROJECT_DIR)/build/Debug-iphoneos",
				);
				INFOPLIST_FILE = Tests/Info.plist;
				LD_RUNPATH_SEARCH_PATHS = "$(inherited) @executable_path/Frameworks @loader_path/Frameworks";
				PRODUCT_BUNDLE_IDENTIFIER = "com.thescore.Fisticuffs.iOS-Example.Tests";
				PRODUCT_NAME = "$(TARGET_NAME)";
				SWIFT_VERSION = 4.0;
				TEST_HOST = "$(BUILT_PRODUCTS_DIR)/iOS Example.app/iOS Example";
			};
			name = Release;
		};
/* End XCBuildConfiguration section */

/* Begin XCConfigurationList section */
		6A06ED841BFB912500231806 /* Build configuration list for PBXProject "iOS Example" */ = {
			isa = XCConfigurationList;
			buildConfigurations = (
				6A06EDA41BFB912500231806 /* Debug */,
				6A06EDA51BFB912500231806 /* Release */,
			);
			defaultConfigurationIsVisible = 0;
			defaultConfigurationName = Release;
		};
		6A06EDA61BFB912500231806 /* Build configuration list for PBXNativeTarget "iOS Example" */ = {
			isa = XCConfigurationList;
			buildConfigurations = (
				6A06EDA71BFB912500231806 /* Debug */,
				6A06EDA81BFB912500231806 /* Release */,
			);
			defaultConfigurationIsVisible = 0;
			defaultConfigurationName = Release;
		};
		6A06EDCA1BFBBF1F00231806 /* Build configuration list for PBXNativeTarget "Tests" */ = {
			isa = XCConfigurationList;
			buildConfigurations = (
				6A06EDCB1BFBBF1F00231806 /* Debug */,
				6A06EDCC1BFBBF1F00231806 /* Release */,
			);
			defaultConfigurationIsVisible = 0;
			defaultConfigurationName = Release;
		};
/* End XCConfigurationList section */
	};
	rootObject = 6A06ED811BFB912500231806 /* Project object */;
}
